// !$*UTF8*$!
{
	archiveVersion = 1;
	classes = {
	};
	objectVersion = 56;
	objects = {

/* Begin PBXBuildFile section */
		9503D4C52B8A348D005767AF /* SignInTokenUseCase.swift in Sources */ = {isa = PBXBuildFile; fileRef = 9503D4C42B8A348D005767AF /* SignInTokenUseCase.swift */; };
		9503D4C72B8A3580005767AF /* HomeVM.swift in Sources */ = {isa = PBXBuildFile; fileRef = 9503D4C62B8A3580005767AF /* HomeVM.swift */; };
		9503D4CA2B8A5671005767AF /* CheckUserSessionUseCase.swift in Sources */ = {isa = PBXBuildFile; fileRef = 9503D4C92B8A5671005767AF /* CheckUserSessionUseCase.swift */; };
		9516DE8E2B8E8146004B8D04 /* GetAuthenticatedUserObserverUseCase.swift in Sources */ = {isa = PBXBuildFile; fileRef = 9516DE8D2B8E8146004B8D04 /* GetAuthenticatedUserObserverUseCase.swift */; };
		955A1DA92B8559F400B0B520 /* GoogleService-Info.plist in Resources */ = {isa = PBXBuildFile; fileRef = 955A1DA82B8559F400B0B520 /* GoogleService-Info.plist */; };
		955A1DB22B86222700B0B520 /* SingInPresentation.swift in Sources */ = {isa = PBXBuildFile; fileRef = 955A1DB12B86222700B0B520 /* SingInPresentation.swift */; };
		955A1DB42B8624B000B0B520 /* SignInVM.swift in Sources */ = {isa = PBXBuildFile; fileRef = 955A1DB32B8624B000B0B520 /* SignInVM.swift */; };
		955A1DBB2B86325400B0B520 /* SignInInput.swift in Sources */ = {isa = PBXBuildFile; fileRef = 955A1DBA2B86325400B0B520 /* SignInInput.swift */; };
		955A1DBE2B86337E00B0B520 /* SignInUseCase.swift in Sources */ = {isa = PBXBuildFile; fileRef = 955A1DBD2B86337E00B0B520 /* SignInUseCase.swift */; };
		955A1DC12B86352000B0B520 /* AuthRepositoryInterface.swift in Sources */ = {isa = PBXBuildFile; fileRef = 955A1DC02B86352000B0B520 /* AuthRepositoryInterface.swift */; };
		955A1DC42B86382C00B0B520 /* AuthRepository.swift in Sources */ = {isa = PBXBuildFile; fileRef = 955A1DC32B86382C00B0B520 /* AuthRepository.swift */; };
		955A1DC52B863A5000B0B520 /* Infra.framework in Frameworks */ = {isa = PBXBuildFile; fileRef = 957F3FAA2B6FFF140015348F /* Infra.framework */; };
		955A1DC62B863A5000B0B520 /* Infra.framework in Embed Frameworks */ = {isa = PBXBuildFile; fileRef = 957F3FAA2B6FFF140015348F /* Infra.framework */; settings = {ATTRIBUTES = (CodeSignOnCopy, RemoveHeadersOnCopy, ); }; };
		955A1DD22B8665C500B0B520 /* HomePresentation.swift in Sources */ = {isa = PBXBuildFile; fileRef = 955A1DD12B8665C500B0B520 /* HomePresentation.swift */; };
		955BA5D12B9C903700038169 /* UserPresentation.swift in Sources */ = {isa = PBXBuildFile; fileRef = 955BA5D02B9C903700038169 /* UserPresentation.swift */; };
		955BA5D32B9C904900038169 /* UserVM.swift in Sources */ = {isa = PBXBuildFile; fileRef = 955BA5D22B9C904900038169 /* UserVM.swift */; };
		955BA5D72B9CA02300038169 /* LogoutUseCase.swift in Sources */ = {isa = PBXBuildFile; fileRef = 955BA5D62B9CA02300038169 /* LogoutUseCase.swift */; };
		955BA5DE2B9CAEF400038169 /* WidgetKit.framework in Frameworks */ = {isa = PBXBuildFile; fileRef = 955BA5DD2B9CAEF400038169 /* WidgetKit.framework */; };
		955BA5E02B9CAEF400038169 /* SwiftUI.framework in Frameworks */ = {isa = PBXBuildFile; fileRef = 955BA5DF2B9CAEF400038169 /* SwiftUI.framework */; };
		955BA5E32B9CAEF400038169 /* RevisionBundle.swift in Sources */ = {isa = PBXBuildFile; fileRef = 955BA5E22B9CAEF400038169 /* RevisionBundle.swift */; };
		955BA5E52B9CAEF400038169 /* RevisionLiveActivity.swift in Sources */ = {isa = PBXBuildFile; fileRef = 955BA5E42B9CAEF400038169 /* RevisionLiveActivity.swift */; };
		955BA5E72B9CAEF400038169 /* Revision.swift in Sources */ = {isa = PBXBuildFile; fileRef = 955BA5E62B9CAEF400038169 /* Revision.swift */; };
		955BA5E92B9CAEF400038169 /* AppIntent.swift in Sources */ = {isa = PBXBuildFile; fileRef = 955BA5E82B9CAEF400038169 /* AppIntent.swift */; };
		955BA5EB2B9CAEF500038169 /* Assets.xcassets in Resources */ = {isa = PBXBuildFile; fileRef = 955BA5EA2B9CAEF500038169 /* Assets.xcassets */; };
		955BA5EF2B9CAEF500038169 /* RevisionExtension.appex in Embed Foundation Extensions */ = {isa = PBXBuildFile; fileRef = 955BA5DC2B9CAEF400038169 /* RevisionExtension.appex */; settings = {ATTRIBUTES = (RemoveHeadersOnCopy, ); }; };
		957F3F722B6FFCD20015348F /* Assets.xcassets in Resources */ = {isa = PBXBuildFile; fileRef = 957F3F712B6FFCD20015348F /* Assets.xcassets */; };
		957F3F752B6FFCD20015348F /* Preview Assets.xcassets in Resources */ = {isa = PBXBuildFile; fileRef = 957F3F742B6FFCD20015348F /* Preview Assets.xcassets */; };
		957F3F862B6FFD1E0015348F /* Domain.framework in Frameworks */ = {isa = PBXBuildFile; fileRef = 957F3F802B6FFD1E0015348F /* Domain.framework */; };
		957F3F872B6FFD1E0015348F /* Domain.framework in Embed Frameworks */ = {isa = PBXBuildFile; fileRef = 957F3F802B6FFD1E0015348F /* Domain.framework */; settings = {ATTRIBUTES = (CodeSignOnCopy, RemoveHeadersOnCopy, ); }; };
		957F3F9A2B6FFDC10015348F /* Application.framework in Frameworks */ = {isa = PBXBuildFile; fileRef = 957F3F942B6FFDC10015348F /* Application.framework */; };
		957F3F9B2B6FFDC10015348F /* Application.framework in Embed Frameworks */ = {isa = PBXBuildFile; fileRef = 957F3F942B6FFDC10015348F /* Application.framework */; settings = {ATTRIBUTES = (CodeSignOnCopy, RemoveHeadersOnCopy, ); }; };
		957F3FB02B6FFF140015348F /* Infra.framework in Frameworks */ = {isa = PBXBuildFile; fileRef = 957F3FAA2B6FFF140015348F /* Infra.framework */; };
		957F3FB12B6FFF140015348F /* Infra.framework in Embed Frameworks */ = {isa = PBXBuildFile; fileRef = 957F3FAA2B6FFF140015348F /* Infra.framework */; settings = {ATTRIBUTES = (CodeSignOnCopy, RemoveHeadersOnCopy, ); }; };
		957F3FC42B70018B0015348F /* Chapter.swift in Sources */ = {isa = PBXBuildFile; fileRef = 957F3FC32B70018B0015348F /* Chapter.swift */; };
		957F3FC62B7001910015348F /* Verse.swift in Sources */ = {isa = PBXBuildFile; fileRef = 957F3FC52B7001910015348F /* Verse.swift */; };
		957F3FC82B7001970015348F /* Book.swift in Sources */ = {isa = PBXBuildFile; fileRef = 957F3FC72B7001970015348F /* Book.swift */; };
		957F3FCB2B70025B0015348F /* GetBibleUseCase.swift in Sources */ = {isa = PBXBuildFile; fileRef = 957F3FCA2B70025B0015348F /* GetBibleUseCase.swift */; };
		957F3FCD2B7002920015348F /* BibleXMLRepositoryProtocol.swift in Sources */ = {isa = PBXBuildFile; fileRef = 957F3FCC2B7002920015348F /* BibleXMLRepositoryProtocol.swift */; };
		957F3FCF2B7003330015348F /* Domain.framework in Frameworks */ = {isa = PBXBuildFile; fileRef = 957F3F802B6FFD1E0015348F /* Domain.framework */; };
		957F3FD02B7003330015348F /* Domain.framework in Embed Frameworks */ = {isa = PBXBuildFile; fileRef = 957F3F802B6FFD1E0015348F /* Domain.framework */; settings = {ATTRIBUTES = (CodeSignOnCopy, RemoveHeadersOnCopy, ); }; };
		957F3FD72B7009780015348F /* XmlGenerator.swift in Sources */ = {isa = PBXBuildFile; fileRef = 957F3FD62B7009780015348F /* XmlGenerator.swift */; };
		957F3FD82B700A450015348F /* Domain.framework in Frameworks */ = {isa = PBXBuildFile; fileRef = 957F3F802B6FFD1E0015348F /* Domain.framework */; };
		957F3FD92B700A450015348F /* Domain.framework in Embed Frameworks */ = {isa = PBXBuildFile; fileRef = 957F3F802B6FFD1E0015348F /* Domain.framework */; settings = {ATTRIBUTES = (CodeSignOnCopy, RemoveHeadersOnCopy, ); }; };
		957F3FE12B705E2A0015348F /* Bible.swift in Sources */ = {isa = PBXBuildFile; fileRef = 957F3FE02B705E2A0015348F /* Bible.swift */; };
		957F3FE62B71A44A0015348F /* BibleXML.swift in Sources */ = {isa = PBXBuildFile; fileRef = 957F3FE52B71A44A0015348F /* BibleXML.swift */; };
		957F3FE82B71A4560015348F /* BookXML.swift in Sources */ = {isa = PBXBuildFile; fileRef = 957F3FE72B71A4560015348F /* BookXML.swift */; };
		957F3FEA2B71A4A30015348F /* ChapterXML.swift in Sources */ = {isa = PBXBuildFile; fileRef = 957F3FE92B71A4A30015348F /* ChapterXML.swift */; };
		957F3FF62B71B8E50015348F /* BiblePresentation.swift in Sources */ = {isa = PBXBuildFile; fileRef = 957F3FED2B71B1060015348F /* BiblePresentation.swift */; };
		957F3FF72B71B8E50015348F /* BibleVM.swift in Sources */ = {isa = PBXBuildFile; fileRef = 957F3FEF2B71B2D40015348F /* BibleVM.swift */; };
		957F3FF82B71B8E50015348F /* PentecostApp.swift in Sources */ = {isa = PBXBuildFile; fileRef = 957F3F6D2B6FFCD00015348F /* PentecostApp.swift */; };
		957F3FF92B71B8E50015348F /* ContentView.swift in Sources */ = {isa = PBXBuildFile; fileRef = 957F3F6F2B6FFCD00015348F /* ContentView.swift */; };
		957F3FFA2B71B8E50015348F /* Assets.xcassets in Sources */ = {isa = PBXBuildFile; fileRef = 957F3F712B6FFCD20015348F /* Assets.xcassets */; };
		957F3FFB2B71B8E50015348F /* Preview Assets.xcassets in Sources */ = {isa = PBXBuildFile; fileRef = 957F3F742B6FFCD20015348F /* Preview Assets.xcassets */; };
		957F3FFE2B72462E0015348F /* KingJames.xml in Resources */ = {isa = PBXBuildFile; fileRef = 957F3FB92B6FFF8A0015348F /* KingJames.xml */; };
		957F3FFF2B72462E0015348F /* Almeida.xml in Resources */ = {isa = PBXBuildFile; fileRef = 957F3FB82B6FFF8A0015348F /* Almeida.xml */; };
		957F40002B7246430015348F /* KingJames.xml in Resources */ = {isa = PBXBuildFile; fileRef = 957F3FB92B6FFF8A0015348F /* KingJames.xml */; };
		957F40012B7246430015348F /* Almeida.xml in Resources */ = {isa = PBXBuildFile; fileRef = 957F3FB82B6FFF8A0015348F /* Almeida.xml */; };
		957F40052B72496A0015348F /* BookVM.swift in Sources */ = {isa = PBXBuildFile; fileRef = 957F40042B72496A0015348F /* BookVM.swift */; };
		957F40072B7249890015348F /* BookPresentation.swift in Sources */ = {isa = PBXBuildFile; fileRef = 957F40062B7249890015348F /* BookPresentation.swift */; };
		957F40092B724B390015348F /* GetBookUseCase.swift in Sources */ = {isa = PBXBuildFile; fileRef = 957F40082B724B390015348F /* GetBookUseCase.swift */; };
		957F400D2B7257710015348F /* VerseXML.swift in Sources */ = {isa = PBXBuildFile; fileRef = 957F400C2B7257710015348F /* VerseXML.swift */; };
		957F400F2B7258060015348F /* ChapterVM.swift in Sources */ = {isa = PBXBuildFile; fileRef = 957F400E2B7258060015348F /* ChapterVM.swift */; };
		957F40112B7258180015348F /* ChapterPresentation.swift in Sources */ = {isa = PBXBuildFile; fileRef = 957F40102B7258180015348F /* ChapterPresentation.swift */; };
		957F40132B72588F0015348F /* GetChapterUseCase.swift in Sources */ = {isa = PBXBuildFile; fileRef = 957F40122B72588E0015348F /* GetChapterUseCase.swift */; };
		9591EFE52B881EE9002ACF64 /* RegisterUseCase.swift in Sources */ = {isa = PBXBuildFile; fileRef = 9591EFE42B881EE9002ACF64 /* RegisterUseCase.swift */; };
		9591EFE72B881F90002ACF64 /* SignUpPresentation.swift in Sources */ = {isa = PBXBuildFile; fileRef = 9591EFE62B881F90002ACF64 /* SignUpPresentation.swift */; };
		9591EFE92B881FAF002ACF64 /* SignUpVM.swift in Sources */ = {isa = PBXBuildFile; fileRef = 9591EFE82B881FAF002ACF64 /* SignUpVM.swift */; };
		9591EFEC2B882ABE002ACF64 /* LabelButtonCTA.swift in Sources */ = {isa = PBXBuildFile; fileRef = 9591EFEB2B882ABE002ACF64 /* LabelButtonCTA.swift */; };
		9591EFEE2B882C29002ACF64 /* TextFieldMod.swift in Sources */ = {isa = PBXBuildFile; fileRef = 9591EFED2B882C29002ACF64 /* TextFieldMod.swift */; };
		959F46C22B9917DD009D8787 /* KeychainSwift in Frameworks */ = {isa = PBXBuildFile; productRef = 959F46C12B9917DD009D8787 /* KeychainSwift */; };
		959F46C42B9917F5009D8787 /* SwiftyXMLParser in Frameworks */ = {isa = PBXBuildFile; productRef = 959F46C32B9917F5009D8787 /* SwiftyXMLParser */; };
		959F46C62B991813009D8787 /* FirebaseAuth in Frameworks */ = {isa = PBXBuildFile; productRef = 959F46C52B991813009D8787 /* FirebaseAuth */; };
		959F46C82B991821009D8787 /* SwiftyXMLParser in Frameworks */ = {isa = PBXBuildFile; productRef = 959F46C72B991821009D8787 /* SwiftyXMLParser */; };
		959F46CA2B99185C009D8787 /* FirebaseAuthCombine-Community in Frameworks */ = {isa = PBXBuildFile; productRef = 959F46C92B99185C009D8787 /* FirebaseAuthCombine-Community */; };
		95A1F4092B99398100E4A9F0 /* KingJames.xml in Sources */ = {isa = PBXBuildFile; fileRef = 957F3FB92B6FFF8A0015348F /* KingJames.xml */; };
		95A1F40A2B99398100E4A9F0 /* Almeida.xml in Sources */ = {isa = PBXBuildFile; fileRef = 957F3FB82B6FFF8A0015348F /* Almeida.xml */; };
		95A1F40C2B993A8300E4A9F0 /* SwiftyXMLParser in Frameworks */ = {isa = PBXBuildFile; productRef = 95A1F40B2B993A8300E4A9F0 /* SwiftyXMLParser */; };
		95C0F5C82B86DFEE00294C26 /* AuthEntity.swift in Sources */ = {isa = PBXBuildFile; fileRef = 95C0F5C72B86DFEE00294C26 /* AuthEntity.swift */; };
		95E40E972B883E1600447243 /* LabelButtonSecondy.swift in Sources */ = {isa = PBXBuildFile; fileRef = 95E40E962B883E1600447243 /* LabelButtonSecondy.swift */; };
		95F304732B88F1A3006013C0 /* RegisterUserInput.swift in Sources */ = {isa = PBXBuildFile; fileRef = 95F304722B88F1A3006013C0 /* RegisterUserInput.swift */; };
		95F304752B88F39B006013C0 /* AuthRepositoryErros.swift in Sources */ = {isa = PBXBuildFile; fileRef = 95F304742B88F39B006013C0 /* AuthRepositoryErros.swift */; };
		95F304772B88F4B4006013C0 /* AuthRepository+.swift in Sources */ = {isa = PBXBuildFile; fileRef = 95F304762B88F4B4006013C0 /* AuthRepository+.swift */; };
		95F3047A2B890E8E006013C0 /* SignInRepositoryErrors.swift in Sources */ = {isa = PBXBuildFile; fileRef = 95F304792B890E8E006013C0 /* SignInRepositoryErrors.swift */; };
		95F3047D2B89103C006013C0 /* RegisterUserErros.swift in Sources */ = {isa = PBXBuildFile; fileRef = 95F3047C2B89103C006013C0 /* RegisterUserErros.swift */; };
/* End PBXBuildFile section */

/* Begin PBXContainerItemProxy section */
		955A1DC72B863A5000B0B520 /* PBXContainerItemProxy */ = {
			isa = PBXContainerItemProxy;
			containerPortal = 957F3F622B6FFCD00015348F /* Project object */;
			proxyType = 1;
			remoteGlobalIDString = 957F3FA92B6FFF140015348F;
			remoteInfo = Infra;
		};
		955BA5ED2B9CAEF500038169 /* PBXContainerItemProxy */ = {
			isa = PBXContainerItemProxy;
			containerPortal = 957F3F622B6FFCD00015348F /* Project object */;
			proxyType = 1;
			remoteGlobalIDString = 955BA5DB2B9CAEF400038169;
			remoteInfo = RevisionExtension;
		};
		957F3F842B6FFD1E0015348F /* PBXContainerItemProxy */ = {
			isa = PBXContainerItemProxy;
			containerPortal = 957F3F622B6FFCD00015348F /* Project object */;
			proxyType = 1;
			remoteGlobalIDString = 957F3F7F2B6FFD1E0015348F;
			remoteInfo = Domain;
		};
		957F3F982B6FFDC10015348F /* PBXContainerItemProxy */ = {
			isa = PBXContainerItemProxy;
			containerPortal = 957F3F622B6FFCD00015348F /* Project object */;
			proxyType = 1;
			remoteGlobalIDString = 957F3F932B6FFDC10015348F;
			remoteInfo = Application;
		};
		957F3FAE2B6FFF140015348F /* PBXContainerItemProxy */ = {
			isa = PBXContainerItemProxy;
			containerPortal = 957F3F622B6FFCD00015348F /* Project object */;
			proxyType = 1;
			remoteGlobalIDString = 957F3FA92B6FFF140015348F;
			remoteInfo = Infra;
		};
		957F3FD12B7003330015348F /* PBXContainerItemProxy */ = {
			isa = PBXContainerItemProxy;
			containerPortal = 957F3F622B6FFCD00015348F /* Project object */;
			proxyType = 1;
			remoteGlobalIDString = 957F3F7F2B6FFD1E0015348F;
			remoteInfo = Domain;
		};
		957F3FDA2B700A450015348F /* PBXContainerItemProxy */ = {
			isa = PBXContainerItemProxy;
			containerPortal = 957F3F622B6FFCD00015348F /* Project object */;
			proxyType = 1;
			remoteGlobalIDString = 957F3F7F2B6FFD1E0015348F;
			remoteInfo = Domain;
		};
/* End PBXContainerItemProxy section */

/* Begin PBXCopyFilesBuildPhase section */
		955BA5F32B9CAEF500038169 /* Embed Foundation Extensions */ = {
			isa = PBXCopyFilesBuildPhase;
			buildActionMask = 2147483647;
			dstPath = "";
			dstSubfolderSpec = 13;
			files = (
				955BA5EF2B9CAEF500038169 /* RevisionExtension.appex in Embed Foundation Extensions */,
			);
			name = "Embed Foundation Extensions";
			runOnlyForDeploymentPostprocessing = 0;
		};
		957F3F8B2B6FFD1E0015348F /* Embed Frameworks */ = {
			isa = PBXCopyFilesBuildPhase;
			buildActionMask = 2147483647;
			dstPath = "";
			dstSubfolderSpec = 10;
			files = (
				957F3F872B6FFD1E0015348F /* Domain.framework in Embed Frameworks */,
				957F3F9B2B6FFDC10015348F /* Application.framework in Embed Frameworks */,
				957F3FB12B6FFF140015348F /* Infra.framework in Embed Frameworks */,
			);
			name = "Embed Frameworks";
			runOnlyForDeploymentPostprocessing = 0;
		};
		957F3FD32B7003330015348F /* Embed Frameworks */ = {
			isa = PBXCopyFilesBuildPhase;
			buildActionMask = 2147483647;
			dstPath = "";
			dstSubfolderSpec = 10;
			files = (
				957F3FD02B7003330015348F /* Domain.framework in Embed Frameworks */,
				955A1DC62B863A5000B0B520 /* Infra.framework in Embed Frameworks */,
			);
			name = "Embed Frameworks";
			runOnlyForDeploymentPostprocessing = 0;
		};
		957F3FDC2B700A450015348F /* Embed Frameworks */ = {
			isa = PBXCopyFilesBuildPhase;
			buildActionMask = 2147483647;
			dstPath = "";
			dstSubfolderSpec = 10;
			files = (
				957F3FD92B700A450015348F /* Domain.framework in Embed Frameworks */,
			);
			name = "Embed Frameworks";
			runOnlyForDeploymentPostprocessing = 0;
		};
/* End PBXCopyFilesBuildPhase section */

/* Begin PBXFileReference section */
		9503D4C42B8A348D005767AF /* SignInTokenUseCase.swift */ = {isa = PBXFileReference; lastKnownFileType = sourcecode.swift; path = SignInTokenUseCase.swift; sourceTree = "<group>"; };
		9503D4C62B8A3580005767AF /* HomeVM.swift */ = {isa = PBXFileReference; lastKnownFileType = sourcecode.swift; path = HomeVM.swift; sourceTree = "<group>"; };
		9503D4C92B8A5671005767AF /* CheckUserSessionUseCase.swift */ = {isa = PBXFileReference; lastKnownFileType = sourcecode.swift; path = CheckUserSessionUseCase.swift; sourceTree = "<group>"; };
		9516DE8D2B8E8146004B8D04 /* GetAuthenticatedUserObserverUseCase.swift */ = {isa = PBXFileReference; lastKnownFileType = sourcecode.swift; path = GetAuthenticatedUserObserverUseCase.swift; sourceTree = "<group>"; };
		955A1DA82B8559F400B0B520 /* GoogleService-Info.plist */ = {isa = PBXFileReference; fileEncoding = 4; lastKnownFileType = text.plist.xml; path = "GoogleService-Info.plist"; sourceTree = "<group>"; };
		955A1DB12B86222700B0B520 /* SingInPresentation.swift */ = {isa = PBXFileReference; lastKnownFileType = sourcecode.swift; path = SingInPresentation.swift; sourceTree = "<group>"; };
		955A1DB32B8624B000B0B520 /* SignInVM.swift */ = {isa = PBXFileReference; lastKnownFileType = sourcecode.swift; path = SignInVM.swift; sourceTree = "<group>"; };
		955A1DBA2B86325400B0B520 /* SignInInput.swift */ = {isa = PBXFileReference; lastKnownFileType = sourcecode.swift; path = SignInInput.swift; sourceTree = "<group>"; };
		955A1DBD2B86337E00B0B520 /* SignInUseCase.swift */ = {isa = PBXFileReference; lastKnownFileType = sourcecode.swift; path = SignInUseCase.swift; sourceTree = "<group>"; };
		955A1DC02B86352000B0B520 /* AuthRepositoryInterface.swift */ = {isa = PBXFileReference; lastKnownFileType = sourcecode.swift; path = AuthRepositoryInterface.swift; sourceTree = "<group>"; };
		955A1DC32B86382C00B0B520 /* AuthRepository.swift */ = {isa = PBXFileReference; lastKnownFileType = sourcecode.swift; path = AuthRepository.swift; sourceTree = "<group>"; };
		955A1DD12B8665C500B0B520 /* HomePresentation.swift */ = {isa = PBXFileReference; lastKnownFileType = sourcecode.swift; path = HomePresentation.swift; sourceTree = "<group>"; };
		955BA5D02B9C903700038169 /* UserPresentation.swift */ = {isa = PBXFileReference; lastKnownFileType = sourcecode.swift; path = UserPresentation.swift; sourceTree = "<group>"; };
		955BA5D22B9C904900038169 /* UserVM.swift */ = {isa = PBXFileReference; lastKnownFileType = sourcecode.swift; path = UserVM.swift; sourceTree = "<group>"; };
		955BA5D62B9CA02300038169 /* LogoutUseCase.swift */ = {isa = PBXFileReference; lastKnownFileType = sourcecode.swift; path = LogoutUseCase.swift; sourceTree = "<group>"; };
		955BA5DC2B9CAEF400038169 /* RevisionExtension.appex */ = {isa = PBXFileReference; explicitFileType = "wrapper.app-extension"; includeInIndex = 0; path = RevisionExtension.appex; sourceTree = BUILT_PRODUCTS_DIR; };
		955BA5DD2B9CAEF400038169 /* WidgetKit.framework */ = {isa = PBXFileReference; lastKnownFileType = wrapper.framework; name = WidgetKit.framework; path = System/Library/Frameworks/WidgetKit.framework; sourceTree = SDKROOT; };
		955BA5DF2B9CAEF400038169 /* SwiftUI.framework */ = {isa = PBXFileReference; lastKnownFileType = wrapper.framework; name = SwiftUI.framework; path = System/Library/Frameworks/SwiftUI.framework; sourceTree = SDKROOT; };
		955BA5E22B9CAEF400038169 /* RevisionBundle.swift */ = {isa = PBXFileReference; lastKnownFileType = sourcecode.swift; path = RevisionBundle.swift; sourceTree = "<group>"; };
		955BA5E42B9CAEF400038169 /* RevisionLiveActivity.swift */ = {isa = PBXFileReference; lastKnownFileType = sourcecode.swift; path = RevisionLiveActivity.swift; sourceTree = "<group>"; };
		955BA5E62B9CAEF400038169 /* Revision.swift */ = {isa = PBXFileReference; lastKnownFileType = sourcecode.swift; path = Revision.swift; sourceTree = "<group>"; };
		955BA5E82B9CAEF400038169 /* AppIntent.swift */ = {isa = PBXFileReference; lastKnownFileType = sourcecode.swift; path = AppIntent.swift; sourceTree = "<group>"; };
		955BA5EA2B9CAEF500038169 /* Assets.xcassets */ = {isa = PBXFileReference; lastKnownFileType = folder.assetcatalog; path = Assets.xcassets; sourceTree = "<group>"; };
		955BA5EC2B9CAEF500038169 /* Info.plist */ = {isa = PBXFileReference; lastKnownFileType = text.plist.xml; path = Info.plist; sourceTree = "<group>"; };
		957F3F6A2B6FFCD00015348F /* Pentecost.app */ = {isa = PBXFileReference; explicitFileType = wrapper.application; includeInIndex = 0; path = Pentecost.app; sourceTree = BUILT_PRODUCTS_DIR; };
		957F3F6D2B6FFCD00015348F /* PentecostApp.swift */ = {isa = PBXFileReference; lastKnownFileType = sourcecode.swift; path = PentecostApp.swift; sourceTree = "<group>"; };
		957F3F6F2B6FFCD00015348F /* ContentView.swift */ = {isa = PBXFileReference; lastKnownFileType = sourcecode.swift; path = ContentView.swift; sourceTree = "<group>"; };
		957F3F712B6FFCD20015348F /* Assets.xcassets */ = {isa = PBXFileReference; lastKnownFileType = folder.assetcatalog; path = Assets.xcassets; sourceTree = "<group>"; };
		957F3F742B6FFCD20015348F /* Preview Assets.xcassets */ = {isa = PBXFileReference; lastKnownFileType = folder.assetcatalog; path = "Preview Assets.xcassets"; sourceTree = "<group>"; };
		957F3F802B6FFD1E0015348F /* Domain.framework */ = {isa = PBXFileReference; explicitFileType = wrapper.framework; includeInIndex = 0; path = Domain.framework; sourceTree = BUILT_PRODUCTS_DIR; };
		957F3F942B6FFDC10015348F /* Application.framework */ = {isa = PBXFileReference; explicitFileType = wrapper.framework; includeInIndex = 0; path = Application.framework; sourceTree = BUILT_PRODUCTS_DIR; };
		957F3FAA2B6FFF140015348F /* Infra.framework */ = {isa = PBXFileReference; explicitFileType = wrapper.framework; includeInIndex = 0; path = Infra.framework; sourceTree = BUILT_PRODUCTS_DIR; };
		957F3FB82B6FFF8A0015348F /* Almeida.xml */ = {isa = PBXFileReference; fileEncoding = 4; lastKnownFileType = text.xml; name = Almeida.xml; path = Infra/Almeida.xml; sourceTree = SOURCE_ROOT; };
		957F3FB92B6FFF8A0015348F /* KingJames.xml */ = {isa = PBXFileReference; fileEncoding = 4; lastKnownFileType = text.xml; path = KingJames.xml; sourceTree = "<group>"; };
		957F3FC32B70018B0015348F /* Chapter.swift */ = {isa = PBXFileReference; lastKnownFileType = sourcecode.swift; path = Chapter.swift; sourceTree = "<group>"; };
		957F3FC52B7001910015348F /* Verse.swift */ = {isa = PBXFileReference; lastKnownFileType = sourcecode.swift; path = Verse.swift; sourceTree = "<group>"; };
		957F3FC72B7001970015348F /* Book.swift */ = {isa = PBXFileReference; lastKnownFileType = sourcecode.swift; path = Book.swift; sourceTree = "<group>"; };
		957F3FCA2B70025B0015348F /* GetBibleUseCase.swift */ = {isa = PBXFileReference; lastKnownFileType = sourcecode.swift; path = GetBibleUseCase.swift; sourceTree = "<group>"; };
		957F3FCC2B7002920015348F /* BibleXMLRepositoryProtocol.swift */ = {isa = PBXFileReference; lastKnownFileType = sourcecode.swift; path = BibleXMLRepositoryProtocol.swift; sourceTree = "<group>"; };
		957F3FD62B7009780015348F /* XmlGenerator.swift */ = {isa = PBXFileReference; lastKnownFileType = sourcecode.swift; path = XmlGenerator.swift; sourceTree = "<group>"; };
		957F3FE02B705E2A0015348F /* Bible.swift */ = {isa = PBXFileReference; lastKnownFileType = sourcecode.swift; path = Bible.swift; sourceTree = "<group>"; };
		957F3FE52B71A44A0015348F /* BibleXML.swift */ = {isa = PBXFileReference; lastKnownFileType = sourcecode.swift; path = BibleXML.swift; sourceTree = "<group>"; };
		957F3FE72B71A4560015348F /* BookXML.swift */ = {isa = PBXFileReference; lastKnownFileType = sourcecode.swift; path = BookXML.swift; sourceTree = "<group>"; };
		957F3FE92B71A4A30015348F /* ChapterXML.swift */ = {isa = PBXFileReference; lastKnownFileType = sourcecode.swift; path = ChapterXML.swift; sourceTree = "<group>"; };
		957F3FED2B71B1060015348F /* BiblePresentation.swift */ = {isa = PBXFileReference; lastKnownFileType = sourcecode.swift; path = BiblePresentation.swift; sourceTree = "<group>"; };
		957F3FEF2B71B2D40015348F /* BibleVM.swift */ = {isa = PBXFileReference; lastKnownFileType = sourcecode.swift; path = BibleVM.swift; sourceTree = "<group>"; };
		957F40042B72496A0015348F /* BookVM.swift */ = {isa = PBXFileReference; lastKnownFileType = sourcecode.swift; path = BookVM.swift; sourceTree = "<group>"; };
		957F40062B7249890015348F /* BookPresentation.swift */ = {isa = PBXFileReference; lastKnownFileType = sourcecode.swift; path = BookPresentation.swift; sourceTree = "<group>"; };
		957F40082B724B390015348F /* GetBookUseCase.swift */ = {isa = PBXFileReference; lastKnownFileType = sourcecode.swift; path = GetBookUseCase.swift; sourceTree = "<group>"; };
		957F400C2B7257710015348F /* VerseXML.swift */ = {isa = PBXFileReference; lastKnownFileType = sourcecode.swift; path = VerseXML.swift; sourceTree = "<group>"; };
		957F400E2B7258060015348F /* ChapterVM.swift */ = {isa = PBXFileReference; lastKnownFileType = sourcecode.swift; path = ChapterVM.swift; sourceTree = "<group>"; };
		957F40102B7258180015348F /* ChapterPresentation.swift */ = {isa = PBXFileReference; lastKnownFileType = sourcecode.swift; path = ChapterPresentation.swift; sourceTree = "<group>"; };
		957F40122B72588E0015348F /* GetChapterUseCase.swift */ = {isa = PBXFileReference; lastKnownFileType = sourcecode.swift; path = GetChapterUseCase.swift; sourceTree = "<group>"; };
		9591EFE42B881EE9002ACF64 /* RegisterUseCase.swift */ = {isa = PBXFileReference; lastKnownFileType = sourcecode.swift; path = RegisterUseCase.swift; sourceTree = "<group>"; };
		9591EFE62B881F90002ACF64 /* SignUpPresentation.swift */ = {isa = PBXFileReference; lastKnownFileType = sourcecode.swift; path = SignUpPresentation.swift; sourceTree = "<group>"; };
		9591EFE82B881FAF002ACF64 /* SignUpVM.swift */ = {isa = PBXFileReference; lastKnownFileType = sourcecode.swift; path = SignUpVM.swift; sourceTree = "<group>"; };
		9591EFEB2B882ABE002ACF64 /* LabelButtonCTA.swift */ = {isa = PBXFileReference; lastKnownFileType = sourcecode.swift; path = LabelButtonCTA.swift; sourceTree = "<group>"; };
		9591EFED2B882C29002ACF64 /* TextFieldMod.swift */ = {isa = PBXFileReference; lastKnownFileType = sourcecode.swift; path = TextFieldMod.swift; sourceTree = "<group>"; };
		95C0F5C72B86DFEE00294C26 /* AuthEntity.swift */ = {isa = PBXFileReference; lastKnownFileType = sourcecode.swift; path = AuthEntity.swift; sourceTree = "<group>"; };
		95E40E962B883E1600447243 /* LabelButtonSecondy.swift */ = {isa = PBXFileReference; lastKnownFileType = sourcecode.swift; path = LabelButtonSecondy.swift; sourceTree = "<group>"; };
		95F304722B88F1A3006013C0 /* RegisterUserInput.swift */ = {isa = PBXFileReference; lastKnownFileType = sourcecode.swift; path = RegisterUserInput.swift; sourceTree = "<group>"; };
		95F304742B88F39B006013C0 /* AuthRepositoryErros.swift */ = {isa = PBXFileReference; lastKnownFileType = sourcecode.swift; path = AuthRepositoryErros.swift; sourceTree = "<group>"; };
		95F304762B88F4B4006013C0 /* AuthRepository+.swift */ = {isa = PBXFileReference; lastKnownFileType = sourcecode.swift; path = "AuthRepository+.swift"; sourceTree = "<group>"; };
		95F304792B890E8E006013C0 /* SignInRepositoryErrors.swift */ = {isa = PBXFileReference; lastKnownFileType = sourcecode.swift; path = SignInRepositoryErrors.swift; sourceTree = "<group>"; };
		95F3047C2B89103C006013C0 /* RegisterUserErros.swift */ = {isa = PBXFileReference; lastKnownFileType = sourcecode.swift; path = RegisterUserErros.swift; sourceTree = "<group>"; };
/* End PBXFileReference section */

/* Begin PBXFrameworksBuildPhase section */
		955BA5D92B9CAEF400038169 /* Frameworks */ = {
			isa = PBXFrameworksBuildPhase;
			buildActionMask = 2147483647;
			files = (
				955BA5E02B9CAEF400038169 /* SwiftUI.framework in Frameworks */,
				955BA5DE2B9CAEF400038169 /* WidgetKit.framework in Frameworks */,
			);
			runOnlyForDeploymentPostprocessing = 0;
		};
		957F3F672B6FFCD00015348F /* Frameworks */ = {
			isa = PBXFrameworksBuildPhase;
			buildActionMask = 2147483647;
			files = (
				957F3F862B6FFD1E0015348F /* Domain.framework in Frameworks */,
				957F3F9A2B6FFDC10015348F /* Application.framework in Frameworks */,
				957F3FB02B6FFF140015348F /* Infra.framework in Frameworks */,
				959F46C42B9917F5009D8787 /* SwiftyXMLParser in Frameworks */,
			);
			runOnlyForDeploymentPostprocessing = 0;
		};
		957F3F7D2B6FFD1E0015348F /* Frameworks */ = {
			isa = PBXFrameworksBuildPhase;
			buildActionMask = 2147483647;
			files = (
				959F46C82B991821009D8787 /* SwiftyXMLParser in Frameworks */,
			);
			runOnlyForDeploymentPostprocessing = 0;
		};
		957F3F912B6FFDC10015348F /* Frameworks */ = {
			isa = PBXFrameworksBuildPhase;
			buildActionMask = 2147483647;
			files = (
				957F3FCF2B7003330015348F /* Domain.framework in Frameworks */,
				955A1DC52B863A5000B0B520 /* Infra.framework in Frameworks */,
			);
			runOnlyForDeploymentPostprocessing = 0;
		};
		957F3FA72B6FFF140015348F /* Frameworks */ = {
			isa = PBXFrameworksBuildPhase;
			buildActionMask = 2147483647;
			files = (
				959F46C22B9917DD009D8787 /* KeychainSwift in Frameworks */,
				959F46C62B991813009D8787 /* FirebaseAuth in Frameworks */,
				957F3FD82B700A450015348F /* Domain.framework in Frameworks */,
				959F46CA2B99185C009D8787 /* FirebaseAuthCombine-Community in Frameworks */,
				95A1F40C2B993A8300E4A9F0 /* SwiftyXMLParser in Frameworks */,
			);
			runOnlyForDeploymentPostprocessing = 0;
		};
/* End PBXFrameworksBuildPhase section */

/* Begin PBXGroup section */
		9503D4C32B8A347C005767AF /* SignInToken */ = {
			isa = PBXGroup;
			children = (
				9503D4C42B8A348D005767AF /* SignInTokenUseCase.swift */,
			);
			path = SignInToken;
			sourceTree = "<group>";
		};
		9503D4C82B8A5658005767AF /* GetAuthenticatedUser */ = {
			isa = PBXGroup;
			children = (
				9503D4C92B8A5671005767AF /* CheckUserSessionUseCase.swift */,
			);
			path = GetAuthenticatedUser;
			sourceTree = "<group>";
		};
		950450222B8DA4D100E3B7DB /* Auth */ = {
			isa = PBXGroup;
			children = (
				955BA5D52B9CA00400038169 /* Logout */,
				9516DE8C2B8E8095004B8D04 /* GetAuthenticatedUserObserver */,
				955A1DB82B86323300B0B520 /* SignIn */,
				9591EFE32B881EC2002ACF64 /* RegisterUser */,
				9503D4C32B8A347C005767AF /* SignInToken */,
				9503D4C82B8A5658005767AF /* GetAuthenticatedUser */,
			);
			path = Auth;
			sourceTree = "<group>";
		};
		9516DE8C2B8E8095004B8D04 /* GetAuthenticatedUserObserver */ = {
			isa = PBXGroup;
			children = (
				9516DE8D2B8E8146004B8D04 /* GetAuthenticatedUserObserverUseCase.swift */,
			);
			path = GetAuthenticatedUserObserver;
			sourceTree = "<group>";
		};
		955A1DB02B86221500B0B520 /* SignIn */ = {
			isa = PBXGroup;
			children = (
				955A1DB12B86222700B0B520 /* SingInPresentation.swift */,
				955A1DB32B8624B000B0B520 /* SignInVM.swift */,
			);
			path = SignIn;
			sourceTree = "<group>";
		};
		955A1DB82B86323300B0B520 /* SignIn */ = {
			isa = PBXGroup;
			children = (
				955A1DBA2B86325400B0B520 /* SignInInput.swift */,
				955A1DBD2B86337E00B0B520 /* SignInUseCase.swift */,
			);
			path = SignIn;
			sourceTree = "<group>";
		};
		955A1DBF2B86350100B0B520 /* AuthRepository */ = {
			isa = PBXGroup;
			children = (
				955A1DC02B86352000B0B520 /* AuthRepositoryInterface.swift */,
			);
			path = AuthRepository;
			sourceTree = "<group>";
		};
		955A1DC22B86360300B0B520 /* AuthRepository */ = {
			isa = PBXGroup;
			children = (
				95F304782B890E84006013C0 /* Errors */,
				955A1DC32B86382C00B0B520 /* AuthRepository.swift */,
				95F304762B88F4B4006013C0 /* AuthRepository+.swift */,
			);
			path = AuthRepository;
			sourceTree = "<group>";
		};
		955A1DCF2B8665B400B0B520 /* SignUp */ = {
			isa = PBXGroup;
			children = (
				9591EFE62B881F90002ACF64 /* SignUpPresentation.swift */,
				9591EFE82B881FAF002ACF64 /* SignUpVM.swift */,
			);
			path = SignUp;
			sourceTree = "<group>";
		};
		955A1DD02B8665BA00B0B520 /* Home */ = {
			isa = PBXGroup;
			children = (
				955A1DD12B8665C500B0B520 /* HomePresentation.swift */,
				9503D4C62B8A3580005767AF /* HomeVM.swift */,
			);
			path = Home;
			sourceTree = "<group>";
		};
		955BA5CF2B9C901D00038169 /* User */ = {
			isa = PBXGroup;
			children = (
				955BA5D02B9C903700038169 /* UserPresentation.swift */,
				955BA5D22B9C904900038169 /* UserVM.swift */,
			);
			path = User;
			sourceTree = "<group>";
		};
		955BA5D52B9CA00400038169 /* Logout */ = {
			isa = PBXGroup;
			children = (
				955BA5D62B9CA02300038169 /* LogoutUseCase.swift */,
			);
			path = Logout;
			sourceTree = "<group>";
		};
		955BA5E12B9CAEF400038169 /* Revision */ = {
			isa = PBXGroup;
			children = (
				955BA5E22B9CAEF400038169 /* RevisionBundle.swift */,
				955BA5E42B9CAEF400038169 /* RevisionLiveActivity.swift */,
				955BA5E62B9CAEF400038169 /* Revision.swift */,
				955BA5E82B9CAEF400038169 /* AppIntent.swift */,
				955BA5EA2B9CAEF500038169 /* Assets.xcassets */,
				955BA5EC2B9CAEF500038169 /* Info.plist */,
			);
			path = Revision;
			sourceTree = "<group>";
		};
		955BA5F42B9D26B400038169 /* Data */ = {
			isa = PBXGroup;
			children = (
			);
			path = Data;
			sourceTree = "<group>";
		};
		957F3F612B6FFCD00015348F = {
			isa = PBXGroup;
			children = (
				957F3F6C2B6FFCD00015348F /* Pentecost */,
				957F3F812B6FFD1E0015348F /* Domain */,
				957F3F952B6FFDC10015348F /* Application */,
				957F3FAB2B6FFF140015348F /* Infra */,
				955BA5E12B9CAEF400038169 /* Revision */,
				957F3F6B2B6FFCD00015348F /* Products */,
				957F3FCE2B7003330015348F /* Frameworks */,
			);
			sourceTree = "<group>";
		};
		957F3F6B2B6FFCD00015348F /* Products */ = {
			isa = PBXGroup;
			children = (
				957F3F6A2B6FFCD00015348F /* Pentecost.app */,
				957F3F802B6FFD1E0015348F /* Domain.framework */,
				957F3F942B6FFDC10015348F /* Application.framework */,
				957F3FAA2B6FFF140015348F /* Infra.framework */,
				955BA5DC2B9CAEF400038169 /* RevisionExtension.appex */,
			);
			name = Products;
			sourceTree = "<group>";
		};
		957F3F6C2B6FFCD00015348F /* Pentecost */ = {
			isa = PBXGroup;
			children = (
				955A1DA82B8559F400B0B520 /* GoogleService-Info.plist */,
				957F3FBF2B7000030015348F /* DesignSystem */,
				957F3F8E2B6FFDA30015348F /* Presentations */,
				957F3F6D2B6FFCD00015348F /* PentecostApp.swift */,
				957F3F6F2B6FFCD00015348F /* ContentView.swift */,
				957F3F712B6FFCD20015348F /* Assets.xcassets */,
				957F3F732B6FFCD20015348F /* Preview Content */,
			);
			path = Pentecost;
			sourceTree = "<group>";
		};
		957F3F732B6FFCD20015348F /* Preview Content */ = {
			isa = PBXGroup;
			children = (
				957F3F742B6FFCD20015348F /* Preview Assets.xcassets */,
			);
			path = "Preview Content";
			sourceTree = "<group>";
		};
		957F3F812B6FFD1E0015348F /* Domain */ = {
			isa = PBXGroup;
			children = (
				957F3F8D2B6FFD2D0015348F /* Repositories */,
				957F3F8C2B6FFD260015348F /* Entities */,
			);
			path = Domain;
			sourceTree = "<group>";
		};
		957F3F8C2B6FFD260015348F /* Entities */ = {
			isa = PBXGroup;
			children = (
				95C0F5C62B86DFE100294C26 /* Auth */,
				957F3FE42B71A43C0015348F /* BibleXML */,
				957F3FC22B7001720015348F /* Bible */,
			);
			path = Entities;
			sourceTree = "<group>";
		};
		957F3F8D2B6FFD2D0015348F /* Repositories */ = {
			isa = PBXGroup;
			children = (
				955A1DBF2B86350100B0B520 /* AuthRepository */,
				957F3FCC2B7002920015348F /* BibleXMLRepositoryProtocol.swift */,
			);
			path = Repositories;
			sourceTree = "<group>";
		};
		957F3F8E2B6FFDA30015348F /* Presentations */ = {
			isa = PBXGroup;
			children = (
				955A1DD02B8665BA00B0B520 /* Home */,
				955BA5CF2B9C901D00038169 /* User */,
				955A1DB02B86221500B0B520 /* SignIn */,
				955A1DCF2B8665B400B0B520 /* SignUp */,
				957F3FBE2B6FFFEA0015348F /* Chapter */,
				957F3FBD2B6FFFE30015348F /* Book */,
				957F3FBC2B6FFFCF0015348F /* Bible */,
			);
			path = Presentations;
			sourceTree = "<group>";
		};
		957F3F952B6FFDC10015348F /* Application */ = {
			isa = PBXGroup;
			children = (
				957F3FA42B6FFEAC0015348F /* UseCases */,
			);
			path = Application;
			sourceTree = "<group>";
		};
		957F3FA42B6FFEAC0015348F /* UseCases */ = {
			isa = PBXGroup;
			children = (
				950450222B8DA4D100E3B7DB /* Auth */,
				957F3FC92B7002410015348F /* ReadBible */,
			);
			path = UseCases;
			sourceTree = "<group>";
		};
		957F3FAB2B6FFF140015348F /* Infra */ = {
			isa = PBXGroup;
			children = (
				955BA5F42B9D26B400038169 /* Data */,
				955A1DC22B86360300B0B520 /* AuthRepository */,
				957F3FB92B6FFF8A0015348F /* KingJames.xml */,
				957F3FB82B6FFF8A0015348F /* Almeida.xml */,
				957F3FD42B70095F0015348F /* Bible */,
			);
			path = Infra;
			sourceTree = "<group>";
		};
		957F3FBC2B6FFFCF0015348F /* Bible */ = {
			isa = PBXGroup;
			children = (
				957F3FED2B71B1060015348F /* BiblePresentation.swift */,
				957F3FEF2B71B2D40015348F /* BibleVM.swift */,
			);
			path = Bible;
			sourceTree = "<group>";
		};
		957F3FBD2B6FFFE30015348F /* Book */ = {
			isa = PBXGroup;
			children = (
				957F40062B7249890015348F /* BookPresentation.swift */,
				957F40042B72496A0015348F /* BookVM.swift */,
			);
			path = Book;
			sourceTree = "<group>";
		};
		957F3FBE2B6FFFEA0015348F /* Chapter */ = {
			isa = PBXGroup;
			children = (
				957F400E2B7258060015348F /* ChapterVM.swift */,
				957F40102B7258180015348F /* ChapterPresentation.swift */,
			);
			path = Chapter;
			sourceTree = "<group>";
		};
		957F3FBF2B7000030015348F /* DesignSystem */ = {
			isa = PBXGroup;
			children = (
				9591EFEA2B882A14002ACF64 /* Components */,
			);
			path = DesignSystem;
			sourceTree = "<group>";
		};
		957F3FC22B7001720015348F /* Bible */ = {
			isa = PBXGroup;
			children = (
				957F3FC32B70018B0015348F /* Chapter.swift */,
				957F3FC52B7001910015348F /* Verse.swift */,
				957F3FC72B7001970015348F /* Book.swift */,
				957F3FE02B705E2A0015348F /* Bible.swift */,
			);
			path = Bible;
			sourceTree = "<group>";
		};
		957F3FC92B7002410015348F /* ReadBible */ = {
			isa = PBXGroup;
			children = (
				957F3FCA2B70025B0015348F /* GetBibleUseCase.swift */,
				957F40082B724B390015348F /* GetBookUseCase.swift */,
				957F40122B72588E0015348F /* GetChapterUseCase.swift */,
			);
			path = ReadBible;
			sourceTree = "<group>";
		};
		957F3FCE2B7003330015348F /* Frameworks */ = {
			isa = PBXGroup;
			children = (
				955BA5DD2B9CAEF400038169 /* WidgetKit.framework */,
				955BA5DF2B9CAEF400038169 /* SwiftUI.framework */,
			);
			name = Frameworks;
			sourceTree = "<group>";
		};
		957F3FD42B70095F0015348F /* Bible */ = {
			isa = PBXGroup;
			children = (
				957F3FD52B7009670015348F /* XMLGenerator */,
			);
			path = Bible;
			sourceTree = "<group>";
		};
		957F3FD52B7009670015348F /* XMLGenerator */ = {
			isa = PBXGroup;
			children = (
				957F3FD62B7009780015348F /* XmlGenerator.swift */,
			);
			path = XMLGenerator;
			sourceTree = "<group>";
		};
		957F3FE42B71A43C0015348F /* BibleXML */ = {
			isa = PBXGroup;
			children = (
				957F3FE52B71A44A0015348F /* BibleXML.swift */,
				957F3FE72B71A4560015348F /* BookXML.swift */,
				957F3FE92B71A4A30015348F /* ChapterXML.swift */,
				957F400C2B7257710015348F /* VerseXML.swift */,
			);
			path = BibleXML;
			sourceTree = "<group>";
		};
		9591EFE32B881EC2002ACF64 /* RegisterUser */ = {
			isa = PBXGroup;
			children = (
				9591EFE42B881EE9002ACF64 /* RegisterUseCase.swift */,
				95F304722B88F1A3006013C0 /* RegisterUserInput.swift */,
			);
			path = RegisterUser;
			sourceTree = "<group>";
		};
		9591EFEA2B882A14002ACF64 /* Components */ = {
			isa = PBXGroup;
			children = (
				9591EFEB2B882ABE002ACF64 /* LabelButtonCTA.swift */,
				9591EFED2B882C29002ACF64 /* TextFieldMod.swift */,
				95E40E962B883E1600447243 /* LabelButtonSecondy.swift */,
			);
			path = Components;
			sourceTree = "<group>";
		};
		95C0F5C62B86DFE100294C26 /* Auth */ = {
			isa = PBXGroup;
			children = (
				95C0F5C72B86DFEE00294C26 /* AuthEntity.swift */,
			);
			path = Auth;
			sourceTree = "<group>";
		};
		95F304782B890E84006013C0 /* Errors */ = {
			isa = PBXGroup;
			children = (
				95F304742B88F39B006013C0 /* AuthRepositoryErros.swift */,
				95F304792B890E8E006013C0 /* SignInRepositoryErrors.swift */,
				95F3047C2B89103C006013C0 /* RegisterUserErros.swift */,
			);
			path = Errors;
			sourceTree = "<group>";
		};
/* End PBXGroup section */

/* Begin PBXHeadersBuildPhase section */
		957F3F7B2B6FFD1E0015348F /* Headers */ = {
			isa = PBXHeadersBuildPhase;
			buildActionMask = 2147483647;
			files = (
			);
			runOnlyForDeploymentPostprocessing = 0;
		};
		957F3F8F2B6FFDC10015348F /* Headers */ = {
			isa = PBXHeadersBuildPhase;
			buildActionMask = 2147483647;
			files = (
			);
			runOnlyForDeploymentPostprocessing = 0;
		};
		957F3FA52B6FFF140015348F /* Headers */ = {
			isa = PBXHeadersBuildPhase;
			buildActionMask = 2147483647;
			files = (
			);
			runOnlyForDeploymentPostprocessing = 0;
		};
/* End PBXHeadersBuildPhase section */

/* Begin PBXNativeTarget section */
		955BA5DB2B9CAEF400038169 /* RevisionExtension */ = {
			isa = PBXNativeTarget;
			buildConfigurationList = 955BA5F02B9CAEF500038169 /* Build configuration list for PBXNativeTarget "RevisionExtension" */;
			buildPhases = (
				955BA5D82B9CAEF400038169 /* Sources */,
				955BA5D92B9CAEF400038169 /* Frameworks */,
				955BA5DA2B9CAEF400038169 /* Resources */,
			);
			buildRules = (
			);
			dependencies = (
			);
			name = RevisionExtension;
			productName = RevisionExtension;
			productReference = 955BA5DC2B9CAEF400038169 /* RevisionExtension.appex */;
			productType = "com.apple.product-type.app-extension";
		};
		957F3F692B6FFCD00015348F /* Pentecost */ = {
			isa = PBXNativeTarget;
			buildConfigurationList = 957F3F782B6FFCD20015348F /* Build configuration list for PBXNativeTarget "Pentecost" */;
			buildPhases = (
				957F3F672B6FFCD00015348F /* Frameworks */,
				957F3F682B6FFCD00015348F /* Resources */,
				957F3F8B2B6FFD1E0015348F /* Embed Frameworks */,
				957F3FF52B71B8C90015348F /* Sources */,
				955BA5F32B9CAEF500038169 /* Embed Foundation Extensions */,
			);
			buildRules = (
			);
			dependencies = (
				957F3F852B6FFD1E0015348F /* PBXTargetDependency */,
				957F3F992B6FFDC10015348F /* PBXTargetDependency */,
				957F3FAF2B6FFF140015348F /* PBXTargetDependency */,
				955BA5EE2B9CAEF500038169 /* PBXTargetDependency */,
			);
			name = Pentecost;
			packageProductDependencies = (
				959F46C32B9917F5009D8787 /* SwiftyXMLParser */,
			);
			productName = Pentecost;
			productReference = 957F3F6A2B6FFCD00015348F /* Pentecost.app */;
			productType = "com.apple.product-type.application";
		};
		957F3F7F2B6FFD1E0015348F /* Domain */ = {
			isa = PBXNativeTarget;
			buildConfigurationList = 957F3F882B6FFD1E0015348F /* Build configuration list for PBXNativeTarget "Domain" */;
			buildPhases = (
				957F3F7B2B6FFD1E0015348F /* Headers */,
				957F3F7C2B6FFD1E0015348F /* Sources */,
				957F3F7D2B6FFD1E0015348F /* Frameworks */,
				957F3F7E2B6FFD1E0015348F /* Resources */,
			);
			buildRules = (
			);
			dependencies = (
			);
			name = Domain;
			packageProductDependencies = (
				959F46C72B991821009D8787 /* SwiftyXMLParser */,
			);
			productName = Domain;
			productReference = 957F3F802B6FFD1E0015348F /* Domain.framework */;
			productType = "com.apple.product-type.framework";
		};
		957F3F932B6FFDC10015348F /* Application */ = {
			isa = PBXNativeTarget;
			buildConfigurationList = 957F3F9C2B6FFDC10015348F /* Build configuration list for PBXNativeTarget "Application" */;
			buildPhases = (
				957F3F8F2B6FFDC10015348F /* Headers */,
				957F3F902B6FFDC10015348F /* Sources */,
				957F3F912B6FFDC10015348F /* Frameworks */,
				957F3F922B6FFDC10015348F /* Resources */,
				957F3FD32B7003330015348F /* Embed Frameworks */,
			);
			buildRules = (
			);
			dependencies = (
				957F3FD22B7003330015348F /* PBXTargetDependency */,
				955A1DC82B863A5000B0B520 /* PBXTargetDependency */,
			);
			name = Application;
			productName = Application;
			productReference = 957F3F942B6FFDC10015348F /* Application.framework */;
			productType = "com.apple.product-type.framework";
		};
		957F3FA92B6FFF140015348F /* Infra */ = {
			isa = PBXNativeTarget;
			buildConfigurationList = 957F3FB22B6FFF140015348F /* Build configuration list for PBXNativeTarget "Infra" */;
			buildPhases = (
				957F3FA52B6FFF140015348F /* Headers */,
				957F3FA62B6FFF140015348F /* Sources */,
				957F3FA72B6FFF140015348F /* Frameworks */,
				957F3FA82B6FFF140015348F /* Resources */,
				957F3FDC2B700A450015348F /* Embed Frameworks */,
			);
			buildRules = (
			);
			dependencies = (
				957F3FDB2B700A450015348F /* PBXTargetDependency */,
			);
			name = Infra;
			packageProductDependencies = (
				959F46C12B9917DD009D8787 /* KeychainSwift */,
				959F46C52B991813009D8787 /* FirebaseAuth */,
				959F46C92B99185C009D8787 /* FirebaseAuthCombine-Community */,
				95A1F40B2B993A8300E4A9F0 /* SwiftyXMLParser */,
			);
			productName = Infra;
			productReference = 957F3FAA2B6FFF140015348F /* Infra.framework */;
			productType = "com.apple.product-type.framework";
		};
/* End PBXNativeTarget section */

/* Begin PBXProject section */
		957F3F622B6FFCD00015348F /* Project object */ = {
			isa = PBXProject;
			attributes = {
				BuildIndependentTargetsInParallel = 1;
				LastSwiftUpdateCheck = 1530;
				LastUpgradeCheck = 1520;
				TargetAttributes = {
					955BA5DB2B9CAEF400038169 = {
						CreatedOnToolsVersion = 15.3;
					};
					957F3F692B6FFCD00015348F = {
						CreatedOnToolsVersion = 15.2;
					};
					957F3F7F2B6FFD1E0015348F = {
						CreatedOnToolsVersion = 15.2;
						LastSwiftMigration = 1520;
					};
					957F3F932B6FFDC10015348F = {
						CreatedOnToolsVersion = 15.2;
						LastSwiftMigration = 1520;
					};
					957F3FA92B6FFF140015348F = {
						CreatedOnToolsVersion = 15.2;
						LastSwiftMigration = 1520;
					};
				};
			};
			buildConfigurationList = 957F3F652B6FFCD00015348F /* Build configuration list for PBXProject "Pentecost" */;
			compatibilityVersion = "Xcode 14.0";
			developmentRegion = en;
			hasScannedForEncodings = 0;
			knownRegions = (
				en,
				Base,
			);
			mainGroup = 957F3F612B6FFCD00015348F;
			packageReferences = (
				959F46BE2B99178E009D8787 /* XCRemoteSwiftPackageReference "keychain-swift" */,
				959F46BF2B9917A9009D8787 /* XCRemoteSwiftPackageReference "firebase-ios-sdk" */,
				959F46C02B9917BB009D8787 /* XCRemoteSwiftPackageReference "SwiftyXMLParser" */,
			);
			productRefGroup = 957F3F6B2B6FFCD00015348F /* Products */;
			projectDirPath = "";
			projectRoot = "";
			targets = (
				957F3F692B6FFCD00015348F /* Pentecost */,
				957F3F7F2B6FFD1E0015348F /* Domain */,
				957F3F932B6FFDC10015348F /* Application */,
				957F3FA92B6FFF140015348F /* Infra */,
				955BA5DB2B9CAEF400038169 /* RevisionExtension */,
			);
		};
/* End PBXProject section */

/* Begin PBXResourcesBuildPhase section */
		955BA5DA2B9CAEF400038169 /* Resources */ = {
			isa = PBXResourcesBuildPhase;
			buildActionMask = 2147483647;
			files = (
				955BA5EB2B9CAEF500038169 /* Assets.xcassets in Resources */,
			);
			runOnlyForDeploymentPostprocessing = 0;
		};
		957F3F682B6FFCD00015348F /* Resources */ = {
			isa = PBXResourcesBuildPhase;
			buildActionMask = 2147483647;
			files = (
				957F40002B7246430015348F /* KingJames.xml in Resources */,
				957F40012B7246430015348F /* Almeida.xml in Resources */,
				955A1DA92B8559F400B0B520 /* GoogleService-Info.plist in Resources */,
				957F3F752B6FFCD20015348F /* Preview Assets.xcassets in Resources */,
				957F3F722B6FFCD20015348F /* Assets.xcassets in Resources */,
			);
			runOnlyForDeploymentPostprocessing = 0;
		};
		957F3F7E2B6FFD1E0015348F /* Resources */ = {
			isa = PBXResourcesBuildPhase;
			buildActionMask = 2147483647;
			files = (
			);
			runOnlyForDeploymentPostprocessing = 0;
		};
		957F3F922B6FFDC10015348F /* Resources */ = {
			isa = PBXResourcesBuildPhase;
			buildActionMask = 2147483647;
			files = (
			);
			runOnlyForDeploymentPostprocessing = 0;
		};
		957F3FA82B6FFF140015348F /* Resources */ = {
			isa = PBXResourcesBuildPhase;
			buildActionMask = 2147483647;
			files = (
				957F3FFE2B72462E0015348F /* KingJames.xml in Resources */,
				957F3FFF2B72462E0015348F /* Almeida.xml in Resources */,
			);
			runOnlyForDeploymentPostprocessing = 0;
		};
/* End PBXResourcesBuildPhase section */

/* Begin PBXSourcesBuildPhase section */
		955BA5D82B9CAEF400038169 /* Sources */ = {
			isa = PBXSourcesBuildPhase;
			buildActionMask = 2147483647;
			files = (
				955BA5E32B9CAEF400038169 /* RevisionBundle.swift in Sources */,
				955BA5E92B9CAEF400038169 /* AppIntent.swift in Sources */,
				955BA5E52B9CAEF400038169 /* RevisionLiveActivity.swift in Sources */,
				955BA5E72B9CAEF400038169 /* Revision.swift in Sources */,
			);
			runOnlyForDeploymentPostprocessing = 0;
		};
		957F3F7C2B6FFD1E0015348F /* Sources */ = {
			isa = PBXSourcesBuildPhase;
			buildActionMask = 2147483647;
			files = (
				957F3FC62B7001910015348F /* Verse.swift in Sources */,
				957F3FC82B7001970015348F /* Book.swift in Sources */,
				957F3FE12B705E2A0015348F /* Bible.swift in Sources */,
				955A1DC12B86352000B0B520 /* AuthRepositoryInterface.swift in Sources */,
				957F3FE82B71A4560015348F /* BookXML.swift in Sources */,
				957F3FCD2B7002920015348F /* BibleXMLRepositoryProtocol.swift in Sources */,
				957F3FEA2B71A4A30015348F /* ChapterXML.swift in Sources */,
				957F400D2B7257710015348F /* VerseXML.swift in Sources */,
				957F3FC42B70018B0015348F /* Chapter.swift in Sources */,
				957F3FE62B71A44A0015348F /* BibleXML.swift in Sources */,
				95C0F5C82B86DFEE00294C26 /* AuthEntity.swift in Sources */,
			);
			runOnlyForDeploymentPostprocessing = 0;
		};
		957F3F902B6FFDC10015348F /* Sources */ = {
			isa = PBXSourcesBuildPhase;
			buildActionMask = 2147483647;
			files = (
				9591EFE52B881EE9002ACF64 /* RegisterUseCase.swift in Sources */,
				955BA5D72B9CA02300038169 /* LogoutUseCase.swift in Sources */,
				9516DE8E2B8E8146004B8D04 /* GetAuthenticatedUserObserverUseCase.swift in Sources */,
				955A1DBB2B86325400B0B520 /* SignInInput.swift in Sources */,
				957F40132B72588F0015348F /* GetChapterUseCase.swift in Sources */,
				95F304732B88F1A3006013C0 /* RegisterUserInput.swift in Sources */,
				957F3FCB2B70025B0015348F /* GetBibleUseCase.swift in Sources */,
				9503D4CA2B8A5671005767AF /* CheckUserSessionUseCase.swift in Sources */,
				9503D4C52B8A348D005767AF /* SignInTokenUseCase.swift in Sources */,
				957F40092B724B390015348F /* GetBookUseCase.swift in Sources */,
				955A1DBE2B86337E00B0B520 /* SignInUseCase.swift in Sources */,
			);
			runOnlyForDeploymentPostprocessing = 0;
		};
		957F3FA62B6FFF140015348F /* Sources */ = {
			isa = PBXSourcesBuildPhase;
			buildActionMask = 2147483647;
			files = (
				95A1F4092B99398100E4A9F0 /* KingJames.xml in Sources */,
				95A1F40A2B99398100E4A9F0 /* Almeida.xml in Sources */,
				95F3047D2B89103C006013C0 /* RegisterUserErros.swift in Sources */,
				955A1DC42B86382C00B0B520 /* AuthRepository.swift in Sources */,
				95F304752B88F39B006013C0 /* AuthRepositoryErros.swift in Sources */,
				95F3047A2B890E8E006013C0 /* SignInRepositoryErrors.swift in Sources */,
				95F304772B88F4B4006013C0 /* AuthRepository+.swift in Sources */,
				957F3FD72B7009780015348F /* XmlGenerator.swift in Sources */,
			);
			runOnlyForDeploymentPostprocessing = 0;
		};
		957F3FF52B71B8C90015348F /* Sources */ = {
			isa = PBXSourcesBuildPhase;
			buildActionMask = 2147483647;
			files = (
				9591EFEE2B882C29002ACF64 /* TextFieldMod.swift in Sources */,
				955BA5D32B9C904900038169 /* UserVM.swift in Sources */,
				957F40052B72496A0015348F /* BookVM.swift in Sources */,
				957F3FF62B71B8E50015348F /* BiblePresentation.swift in Sources */,
				957F3FF72B71B8E50015348F /* BibleVM.swift in Sources */,
				957F40072B7249890015348F /* BookPresentation.swift in Sources */,
				957F3FF82B71B8E50015348F /* PentecostApp.swift in Sources */,
				95E40E972B883E1600447243 /* LabelButtonSecondy.swift in Sources */,
				957F3FF92B71B8E50015348F /* ContentView.swift in Sources */,
				957F400F2B7258060015348F /* ChapterVM.swift in Sources */,
				957F40112B7258180015348F /* ChapterPresentation.swift in Sources */,
				9591EFE92B881FAF002ACF64 /* SignUpVM.swift in Sources */,
				955A1DB42B8624B000B0B520 /* SignInVM.swift in Sources */,
				955A1DD22B8665C500B0B520 /* HomePresentation.swift in Sources */,
				957F3FFA2B71B8E50015348F /* Assets.xcassets in Sources */,
				955A1DB22B86222700B0B520 /* SingInPresentation.swift in Sources */,
				9591EFE72B881F90002ACF64 /* SignUpPresentation.swift in Sources */,
				955BA5D12B9C903700038169 /* UserPresentation.swift in Sources */,
				9591EFEC2B882ABE002ACF64 /* LabelButtonCTA.swift in Sources */,
				9503D4C72B8A3580005767AF /* HomeVM.swift in Sources */,
				957F3FFB2B71B8E50015348F /* Preview Assets.xcassets in Sources */,
			);
			runOnlyForDeploymentPostprocessing = 0;
		};
/* End PBXSourcesBuildPhase section */

/* Begin PBXTargetDependency section */
		955A1DC82B863A5000B0B520 /* PBXTargetDependency */ = {
			isa = PBXTargetDependency;
			target = 957F3FA92B6FFF140015348F /* Infra */;
			targetProxy = 955A1DC72B863A5000B0B520 /* PBXContainerItemProxy */;
		};
		955BA5EE2B9CAEF500038169 /* PBXTargetDependency */ = {
			isa = PBXTargetDependency;
			target = 955BA5DB2B9CAEF400038169 /* RevisionExtension */;
			targetProxy = 955BA5ED2B9CAEF500038169 /* PBXContainerItemProxy */;
		};
		957F3F852B6FFD1E0015348F /* PBXTargetDependency */ = {
			isa = PBXTargetDependency;
			target = 957F3F7F2B6FFD1E0015348F /* Domain */;
			targetProxy = 957F3F842B6FFD1E0015348F /* PBXContainerItemProxy */;
		};
		957F3F992B6FFDC10015348F /* PBXTargetDependency */ = {
			isa = PBXTargetDependency;
			target = 957F3F932B6FFDC10015348F /* Application */;
			targetProxy = 957F3F982B6FFDC10015348F /* PBXContainerItemProxy */;
		};
		957F3FAF2B6FFF140015348F /* PBXTargetDependency */ = {
			isa = PBXTargetDependency;
			target = 957F3FA92B6FFF140015348F /* Infra */;
			targetProxy = 957F3FAE2B6FFF140015348F /* PBXContainerItemProxy */;
		};
		957F3FD22B7003330015348F /* PBXTargetDependency */ = {
			isa = PBXTargetDependency;
			target = 957F3F7F2B6FFD1E0015348F /* Domain */;
			targetProxy = 957F3FD12B7003330015348F /* PBXContainerItemProxy */;
		};
		957F3FDB2B700A450015348F /* PBXTargetDependency */ = {
			isa = PBXTargetDependency;
			target = 957F3F7F2B6FFD1E0015348F /* Domain */;
			targetProxy = 957F3FDA2B700A450015348F /* PBXContainerItemProxy */;
		};
/* End PBXTargetDependency section */

/* Begin XCBuildConfiguration section */
		955BA5F12B9CAEF500038169 /* Debug */ = {
			isa = XCBuildConfiguration;
			buildSettings = {
				ASSETCATALOG_COMPILER_GLOBAL_ACCENT_COLOR_NAME = AccentColor;
				ASSETCATALOG_COMPILER_WIDGET_BACKGROUND_COLOR_NAME = WidgetBackground;
				CODE_SIGN_STYLE = Automatic;
				CURRENT_PROJECT_VERSION = 1;
				DEVELOPMENT_TEAM = 35GM6XG62S;
				GENERATE_INFOPLIST_FILE = YES;
				INFOPLIST_FILE = Revision/Info.plist;
				INFOPLIST_KEY_CFBundleDisplayName = Revision;
				INFOPLIST_KEY_NSHumanReadableCopyright = "";
				IPHONEOS_DEPLOYMENT_TARGET = 17.0;
				LD_RUNPATH_SEARCH_PATHS = (
					"$(inherited)",
					"@executable_path/Frameworks",
					"@executable_path/../../Frameworks",
				);
				MARKETING_VERSION = 1.0;
				PRODUCT_BUNDLE_IDENTIFIER = br.com.Pentecost.Pentecost.Revision;
				PRODUCT_NAME = "$(TARGET_NAME)";
				SKIP_INSTALL = YES;
				SUPPORTED_PLATFORMS = "iphoneos iphonesimulator";
				SUPPORTS_MACCATALYST = NO;
				SUPPORTS_MAC_DESIGNED_FOR_IPHONE_IPAD = NO;
				SUPPORTS_XR_DESIGNED_FOR_IPHONE_IPAD = NO;
				SWIFT_EMIT_LOC_STRINGS = YES;
				SWIFT_VERSION = 5.0;
				TARGETED_DEVICE_FAMILY = 1;
			};
			name = Debug;
		};
		955BA5F22B9CAEF500038169 /* Release */ = {
			isa = XCBuildConfiguration;
			buildSettings = {
				ASSETCATALOG_COMPILER_GLOBAL_ACCENT_COLOR_NAME = AccentColor;
				ASSETCATALOG_COMPILER_WIDGET_BACKGROUND_COLOR_NAME = WidgetBackground;
				CODE_SIGN_STYLE = Automatic;
				CURRENT_PROJECT_VERSION = 1;
				DEVELOPMENT_TEAM = 35GM6XG62S;
				GENERATE_INFOPLIST_FILE = YES;
				INFOPLIST_FILE = Revision/Info.plist;
				INFOPLIST_KEY_CFBundleDisplayName = Revision;
				INFOPLIST_KEY_NSHumanReadableCopyright = "";
				IPHONEOS_DEPLOYMENT_TARGET = 17.0;
				LD_RUNPATH_SEARCH_PATHS = (
					"$(inherited)",
					"@executable_path/Frameworks",
					"@executable_path/../../Frameworks",
				);
				MARKETING_VERSION = 1.0;
				PRODUCT_BUNDLE_IDENTIFIER = br.com.Pentecost.Pentecost.Revision;
				PRODUCT_NAME = "$(TARGET_NAME)";
				SKIP_INSTALL = YES;
				SUPPORTED_PLATFORMS = "iphoneos iphonesimulator";
				SUPPORTS_MACCATALYST = NO;
				SUPPORTS_MAC_DESIGNED_FOR_IPHONE_IPAD = NO;
				SUPPORTS_XR_DESIGNED_FOR_IPHONE_IPAD = NO;
				SWIFT_EMIT_LOC_STRINGS = YES;
				SWIFT_VERSION = 5.0;
				TARGETED_DEVICE_FAMILY = 1;
			};
			name = Release;
		};
		957F3F762B6FFCD20015348F /* Debug */ = {
			isa = XCBuildConfiguration;
			buildSettings = {
				ALWAYS_SEARCH_USER_PATHS = NO;
				ASSETCATALOG_COMPILER_GENERATE_SWIFT_ASSET_SYMBOL_EXTENSIONS = YES;
				CLANG_ANALYZER_NONNULL = YES;
				CLANG_ANALYZER_NUMBER_OBJECT_CONVERSION = YES_AGGRESSIVE;
				CLANG_CXX_LANGUAGE_STANDARD = "gnu++20";
				CLANG_ENABLE_MODULES = YES;
				CLANG_ENABLE_OBJC_ARC = YES;
				CLANG_ENABLE_OBJC_WEAK = YES;
				CLANG_WARN_BLOCK_CAPTURE_AUTORELEASING = YES;
				CLANG_WARN_BOOL_CONVERSION = YES;
				CLANG_WARN_COMMA = YES;
				CLANG_WARN_CONSTANT_CONVERSION = YES;
				CLANG_WARN_DEPRECATED_OBJC_IMPLEMENTATIONS = YES;
				CLANG_WARN_DIRECT_OBJC_ISA_USAGE = YES_ERROR;
				CLANG_WARN_DOCUMENTATION_COMMENTS = YES;
				CLANG_WARN_EMPTY_BODY = YES;
				CLANG_WARN_ENUM_CONVERSION = YES;
				CLANG_WARN_INFINITE_RECURSION = YES;
				CLANG_WARN_INT_CONVERSION = YES;
				CLANG_WARN_NON_LITERAL_NULL_CONVERSION = YES;
				CLANG_WARN_OBJC_IMPLICIT_RETAIN_SELF = YES;
				CLANG_WARN_OBJC_LITERAL_CONVERSION = YES;
				CLANG_WARN_OBJC_ROOT_CLASS = YES_ERROR;
				CLANG_WARN_QUOTED_INCLUDE_IN_FRAMEWORK_HEADER = YES;
				CLANG_WARN_RANGE_LOOP_ANALYSIS = YES;
				CLANG_WARN_STRICT_PROTOTYPES = YES;
				CLANG_WARN_SUSPICIOUS_MOVE = YES;
				CLANG_WARN_UNGUARDED_AVAILABILITY = YES_AGGRESSIVE;
				CLANG_WARN_UNREACHABLE_CODE = YES;
				CLANG_WARN__DUPLICATE_METHOD_MATCH = YES;
				COPY_PHASE_STRIP = NO;
				DEBUG_INFORMATION_FORMAT = dwarf;
				ENABLE_STRICT_OBJC_MSGSEND = YES;
				ENABLE_TESTABILITY = YES;
				ENABLE_USER_SCRIPT_SANDBOXING = YES;
				GCC_C_LANGUAGE_STANDARD = gnu17;
				GCC_DYNAMIC_NO_PIC = NO;
				GCC_NO_COMMON_BLOCKS = YES;
				GCC_OPTIMIZATION_LEVEL = 0;
				GCC_PREPROCESSOR_DEFINITIONS = (
					"DEBUG=1",
					"$(inherited)",
				);
				GCC_WARN_64_TO_32_BIT_CONVERSION = YES;
				GCC_WARN_ABOUT_RETURN_TYPE = YES_ERROR;
				GCC_WARN_UNDECLARED_SELECTOR = YES;
				GCC_WARN_UNINITIALIZED_AUTOS = YES_AGGRESSIVE;
				GCC_WARN_UNUSED_FUNCTION = YES;
				GCC_WARN_UNUSED_VARIABLE = YES;
				IPHONEOS_DEPLOYMENT_TARGET = 17.0;
				LOCALIZATION_PREFERS_STRING_CATALOGS = YES;
				MTL_ENABLE_DEBUG_INFO = INCLUDE_SOURCE;
				MTL_FAST_MATH = YES;
				ONLY_ACTIVE_ARCH = YES;
				SDKROOT = iphoneos;
				SWIFT_ACTIVE_COMPILATION_CONDITIONS = "DEBUG $(inherited)";
				SWIFT_OPTIMIZATION_LEVEL = "-Onone";
			};
			name = Debug;
		};
		957F3F772B6FFCD20015348F /* Release */ = {
			isa = XCBuildConfiguration;
			buildSettings = {
				ALWAYS_SEARCH_USER_PATHS = NO;
				ASSETCATALOG_COMPILER_GENERATE_SWIFT_ASSET_SYMBOL_EXTENSIONS = YES;
				CLANG_ANALYZER_NONNULL = YES;
				CLANG_ANALYZER_NUMBER_OBJECT_CONVERSION = YES_AGGRESSIVE;
				CLANG_CXX_LANGUAGE_STANDARD = "gnu++20";
				CLANG_ENABLE_MODULES = YES;
				CLANG_ENABLE_OBJC_ARC = YES;
				CLANG_ENABLE_OBJC_WEAK = YES;
				CLANG_WARN_BLOCK_CAPTURE_AUTORELEASING = YES;
				CLANG_WARN_BOOL_CONVERSION = YES;
				CLANG_WARN_COMMA = YES;
				CLANG_WARN_CONSTANT_CONVERSION = YES;
				CLANG_WARN_DEPRECATED_OBJC_IMPLEMENTATIONS = YES;
				CLANG_WARN_DIRECT_OBJC_ISA_USAGE = YES_ERROR;
				CLANG_WARN_DOCUMENTATION_COMMENTS = YES;
				CLANG_WARN_EMPTY_BODY = YES;
				CLANG_WARN_ENUM_CONVERSION = YES;
				CLANG_WARN_INFINITE_RECURSION = YES;
				CLANG_WARN_INT_CONVERSION = YES;
				CLANG_WARN_NON_LITERAL_NULL_CONVERSION = YES;
				CLANG_WARN_OBJC_IMPLICIT_RETAIN_SELF = YES;
				CLANG_WARN_OBJC_LITERAL_CONVERSION = YES;
				CLANG_WARN_OBJC_ROOT_CLASS = YES_ERROR;
				CLANG_WARN_QUOTED_INCLUDE_IN_FRAMEWORK_HEADER = YES;
				CLANG_WARN_RANGE_LOOP_ANALYSIS = YES;
				CLANG_WARN_STRICT_PROTOTYPES = YES;
				CLANG_WARN_SUSPICIOUS_MOVE = YES;
				CLANG_WARN_UNGUARDED_AVAILABILITY = YES_AGGRESSIVE;
				CLANG_WARN_UNREACHABLE_CODE = YES;
				CLANG_WARN__DUPLICATE_METHOD_MATCH = YES;
				COPY_PHASE_STRIP = NO;
				DEBUG_INFORMATION_FORMAT = "dwarf-with-dsym";
				ENABLE_NS_ASSERTIONS = NO;
				ENABLE_STRICT_OBJC_MSGSEND = YES;
				ENABLE_USER_SCRIPT_SANDBOXING = YES;
				GCC_C_LANGUAGE_STANDARD = gnu17;
				GCC_NO_COMMON_BLOCKS = YES;
				GCC_WARN_64_TO_32_BIT_CONVERSION = YES;
				GCC_WARN_ABOUT_RETURN_TYPE = YES_ERROR;
				GCC_WARN_UNDECLARED_SELECTOR = YES;
				GCC_WARN_UNINITIALIZED_AUTOS = YES_AGGRESSIVE;
				GCC_WARN_UNUSED_FUNCTION = YES;
				GCC_WARN_UNUSED_VARIABLE = YES;
				IPHONEOS_DEPLOYMENT_TARGET = 17.0;
				LOCALIZATION_PREFERS_STRING_CATALOGS = YES;
				MTL_ENABLE_DEBUG_INFO = NO;
				MTL_FAST_MATH = YES;
				SDKROOT = iphoneos;
				SWIFT_COMPILATION_MODE = wholemodule;
				VALIDATE_PRODUCT = YES;
			};
			name = Release;
		};
		957F3F792B6FFCD20015348F /* Debug */ = {
			isa = XCBuildConfiguration;
			buildSettings = {
				ALWAYS_EMBED_SWIFT_STANDARD_LIBRARIES = YES;
				ASSETCATALOG_COMPILER_APPICON_NAME = AppIcon;
				ASSETCATALOG_COMPILER_GLOBAL_ACCENT_COLOR_NAME = AccentColor;
				CODE_SIGN_STYLE = Automatic;
				CURRENT_PROJECT_VERSION = 1;
				DEVELOPMENT_ASSET_PATHS = "\"Pentecost/Preview Content\"";
				DEVELOPMENT_TEAM = 35GM6XG62S;
				ENABLE_PREVIEWS = YES;
				GENERATE_INFOPLIST_FILE = YES;
				INFOPLIST_KEY_LSApplicationCategoryType = "public.app-category.education";
				INFOPLIST_KEY_UIApplicationSceneManifest_Generation = YES;
				INFOPLIST_KEY_UIApplicationSupportsIndirectInputEvents = YES;
				INFOPLIST_KEY_UILaunchScreen_Generation = YES;
				INFOPLIST_KEY_UISupportedInterfaceOrientations_iPad = "UIInterfaceOrientationPortrait UIInterfaceOrientationPortraitUpsideDown UIInterfaceOrientationLandscapeLeft UIInterfaceOrientationLandscapeRight";
				INFOPLIST_KEY_UISupportedInterfaceOrientations_iPhone = "UIInterfaceOrientationPortrait UIInterfaceOrientationLandscapeLeft UIInterfaceOrientationLandscapeRight";
				IPHONEOS_DEPLOYMENT_TARGET = 17.0;
				LD_RUNPATH_SEARCH_PATHS = (
					"$(inherited)",
					"@executable_path/Frameworks",
				);
				MARKETING_VERSION = 1.0;
				PRODUCT_BUNDLE_IDENTIFIER = br.com.Pentecost.Pentecost;
				PRODUCT_NAME = "$(TARGET_NAME)";
				SUPPORTED_PLATFORMS = "iphoneos iphonesimulator";
				SUPPORTS_MACCATALYST = NO;
				SUPPORTS_MAC_DESIGNED_FOR_IPHONE_IPAD = NO;
				SUPPORTS_XR_DESIGNED_FOR_IPHONE_IPAD = NO;
				SWIFT_EMIT_LOC_STRINGS = YES;
				SWIFT_VERSION = 5.0;
				TARGETED_DEVICE_FAMILY = 1;
			};
			name = Debug;
		};
		957F3F7A2B6FFCD20015348F /* Release */ = {
			isa = XCBuildConfiguration;
			buildSettings = {
				ALWAYS_EMBED_SWIFT_STANDARD_LIBRARIES = YES;
				ASSETCATALOG_COMPILER_APPICON_NAME = AppIcon;
				ASSETCATALOG_COMPILER_GLOBAL_ACCENT_COLOR_NAME = AccentColor;
				CODE_SIGN_STYLE = Automatic;
				CURRENT_PROJECT_VERSION = 1;
				DEVELOPMENT_ASSET_PATHS = "\"Pentecost/Preview Content\"";
				DEVELOPMENT_TEAM = 35GM6XG62S;
				ENABLE_PREVIEWS = YES;
				GENERATE_INFOPLIST_FILE = YES;
				INFOPLIST_KEY_LSApplicationCategoryType = "public.app-category.education";
				INFOPLIST_KEY_UIApplicationSceneManifest_Generation = YES;
				INFOPLIST_KEY_UIApplicationSupportsIndirectInputEvents = YES;
				INFOPLIST_KEY_UILaunchScreen_Generation = YES;
				INFOPLIST_KEY_UISupportedInterfaceOrientations_iPad = "UIInterfaceOrientationPortrait UIInterfaceOrientationPortraitUpsideDown UIInterfaceOrientationLandscapeLeft UIInterfaceOrientationLandscapeRight";
				INFOPLIST_KEY_UISupportedInterfaceOrientations_iPhone = "UIInterfaceOrientationPortrait UIInterfaceOrientationLandscapeLeft UIInterfaceOrientationLandscapeRight";
				IPHONEOS_DEPLOYMENT_TARGET = 17.0;
				LD_RUNPATH_SEARCH_PATHS = (
					"$(inherited)",
					"@executable_path/Frameworks",
				);
				MARKETING_VERSION = 1.0;
				PRODUCT_BUNDLE_IDENTIFIER = br.com.Pentecost.Pentecost;
				PRODUCT_NAME = "$(TARGET_NAME)";
				SUPPORTED_PLATFORMS = "iphoneos iphonesimulator";
				SUPPORTS_MACCATALYST = NO;
				SUPPORTS_MAC_DESIGNED_FOR_IPHONE_IPAD = NO;
				SUPPORTS_XR_DESIGNED_FOR_IPHONE_IPAD = NO;
				SWIFT_EMIT_LOC_STRINGS = YES;
				SWIFT_VERSION = 5.0;
				TARGETED_DEVICE_FAMILY = 1;
			};
			name = Release;
		};
		957F3F892B6FFD1E0015348F /* Debug */ = {
			isa = XCBuildConfiguration;
			buildSettings = {
				CLANG_ENABLE_MODULES = YES;
				CODE_SIGN_STYLE = Automatic;
				CURRENT_PROJECT_VERSION = 1;
				DEFINES_MODULE = YES;
				DEVELOPMENT_TEAM = 35GM6XG62S;
				DYLIB_COMPATIBILITY_VERSION = 1;
				DYLIB_CURRENT_VERSION = 1;
				DYLIB_INSTALL_NAME_BASE = "@rpath";
				ENABLE_MODULE_VERIFIER = YES;
				GENERATE_INFOPLIST_FILE = YES;
				INFOPLIST_KEY_NSHumanReadableCopyright = "";
				INSTALL_PATH = "$(LOCAL_LIBRARY_DIR)/Frameworks";
				IPHONEOS_DEPLOYMENT_TARGET = 17.0;
				LD_RUNPATH_SEARCH_PATHS = (
					"@executable_path/Frameworks",
					"@loader_path/Frameworks",
				);
				"LD_RUNPATH_SEARCH_PATHS[sdk=macosx*]" = (
					"@executable_path/../Frameworks",
					"@loader_path/Frameworks",
				);
				MACOSX_DEPLOYMENT_TARGET = 14.0;
				MARKETING_VERSION = 1.0;
				MODULE_VERIFIER_SUPPORTED_LANGUAGES = "objective-c objective-c++";
				MODULE_VERIFIER_SUPPORTED_LANGUAGE_STANDARDS = "gnu17 gnu++20";
				PRODUCT_BUNDLE_IDENTIFIER = br.com.Pentecost.Domain;
				PRODUCT_NAME = "$(TARGET_NAME:c99extidentifier)";
				SDKROOT = auto;
				SKIP_INSTALL = YES;
				SUPPORTED_PLATFORMS = "iphoneos iphonesimulator";
				SUPPORTS_MACCATALYST = NO;
				SWIFT_EMIT_LOC_STRINGS = YES;
				SWIFT_OPTIMIZATION_LEVEL = "-Onone";
				SWIFT_VERSION = 5.0;
				TARGETED_DEVICE_FAMILY = 1;
				VERSIONING_SYSTEM = "apple-generic";
				VERSION_INFO_PREFIX = "";
			};
			name = Debug;
		};
		957F3F8A2B6FFD1E0015348F /* Release */ = {
			isa = XCBuildConfiguration;
			buildSettings = {
				CLANG_ENABLE_MODULES = YES;
				CODE_SIGN_STYLE = Automatic;
				CURRENT_PROJECT_VERSION = 1;
				DEFINES_MODULE = YES;
				DEVELOPMENT_TEAM = 35GM6XG62S;
				DYLIB_COMPATIBILITY_VERSION = 1;
				DYLIB_CURRENT_VERSION = 1;
				DYLIB_INSTALL_NAME_BASE = "@rpath";
				ENABLE_MODULE_VERIFIER = YES;
				GENERATE_INFOPLIST_FILE = YES;
				INFOPLIST_KEY_NSHumanReadableCopyright = "";
				INSTALL_PATH = "$(LOCAL_LIBRARY_DIR)/Frameworks";
				IPHONEOS_DEPLOYMENT_TARGET = 17.0;
				LD_RUNPATH_SEARCH_PATHS = (
					"@executable_path/Frameworks",
					"@loader_path/Frameworks",
				);
				"LD_RUNPATH_SEARCH_PATHS[sdk=macosx*]" = (
					"@executable_path/../Frameworks",
					"@loader_path/Frameworks",
				);
				MACOSX_DEPLOYMENT_TARGET = 14.0;
				MARKETING_VERSION = 1.0;
				MODULE_VERIFIER_SUPPORTED_LANGUAGES = "objective-c objective-c++";
				MODULE_VERIFIER_SUPPORTED_LANGUAGE_STANDARDS = "gnu17 gnu++20";
				PRODUCT_BUNDLE_IDENTIFIER = br.com.Pentecost.Domain;
				PRODUCT_NAME = "$(TARGET_NAME:c99extidentifier)";
				SDKROOT = auto;
				SKIP_INSTALL = YES;
				SUPPORTED_PLATFORMS = "iphoneos iphonesimulator";
				SUPPORTS_MACCATALYST = NO;
				SWIFT_EMIT_LOC_STRINGS = YES;
				SWIFT_VERSION = 5.0;
				TARGETED_DEVICE_FAMILY = 1;
				VERSIONING_SYSTEM = "apple-generic";
				VERSION_INFO_PREFIX = "";
			};
			name = Release;
		};
		957F3F9D2B6FFDC10015348F /* Debug */ = {
			isa = XCBuildConfiguration;
			buildSettings = {
				CLANG_ENABLE_MODULES = YES;
				CODE_SIGN_IDENTITY = "Apple Development";
				CODE_SIGN_STYLE = Automatic;
				CURRENT_PROJECT_VERSION = 1;
				DEFINES_MODULE = YES;
				DEVELOPMENT_TEAM = 35GM6XG62S;
				DYLIB_COMPATIBILITY_VERSION = 1;
				DYLIB_CURRENT_VERSION = 1;
				DYLIB_INSTALL_NAME_BASE = "@rpath";
				ENABLE_MODULE_VERIFIER = YES;
				GENERATE_INFOPLIST_FILE = YES;
				INFOPLIST_KEY_NSHumanReadableCopyright = "";
				INSTALL_PATH = "$(LOCAL_LIBRARY_DIR)/Frameworks";
				IPHONEOS_DEPLOYMENT_TARGET = 17.0;
				LD_RUNPATH_SEARCH_PATHS = (
					"@executable_path/Frameworks",
					"@loader_path/Frameworks",
				);
				"LD_RUNPATH_SEARCH_PATHS[sdk=macosx*]" = (
					"@executable_path/../Frameworks",
					"@loader_path/Frameworks",
				);
				MACOSX_DEPLOYMENT_TARGET = 14.0;
				MARKETING_VERSION = 1.0;
				MODULE_VERIFIER_SUPPORTED_LANGUAGES = "objective-c objective-c++";
				MODULE_VERIFIER_SUPPORTED_LANGUAGE_STANDARDS = "gnu17 gnu++20";
				PRODUCT_BUNDLE_IDENTIFIER = br.com.Pentecost.Application;
				PRODUCT_NAME = "$(TARGET_NAME:c99extidentifier)";
				PROVISIONING_PROFILE_SPECIFIER = "";
				SDKROOT = auto;
				SKIP_INSTALL = YES;
				SUPPORTED_PLATFORMS = "iphoneos iphonesimulator";
				SUPPORTS_MACCATALYST = NO;
				SWIFT_EMIT_LOC_STRINGS = YES;
				SWIFT_OPTIMIZATION_LEVEL = "-Onone";
				SWIFT_VERSION = 5.0;
				TARGETED_DEVICE_FAMILY = 1;
				VERSIONING_SYSTEM = "apple-generic";
				VERSION_INFO_PREFIX = "";
			};
			name = Debug;
		};
		957F3F9E2B6FFDC10015348F /* Release */ = {
			isa = XCBuildConfiguration;
			buildSettings = {
				CLANG_ENABLE_MODULES = YES;
				CODE_SIGN_IDENTITY = "Apple Development";
				CODE_SIGN_STYLE = Automatic;
				CURRENT_PROJECT_VERSION = 1;
				DEFINES_MODULE = YES;
				DEVELOPMENT_TEAM = 35GM6XG62S;
				DYLIB_COMPATIBILITY_VERSION = 1;
				DYLIB_CURRENT_VERSION = 1;
				DYLIB_INSTALL_NAME_BASE = "@rpath";
				ENABLE_MODULE_VERIFIER = YES;
				GENERATE_INFOPLIST_FILE = YES;
				INFOPLIST_KEY_NSHumanReadableCopyright = "";
				INSTALL_PATH = "$(LOCAL_LIBRARY_DIR)/Frameworks";
				IPHONEOS_DEPLOYMENT_TARGET = 17.0;
				LD_RUNPATH_SEARCH_PATHS = (
					"@executable_path/Frameworks",
					"@loader_path/Frameworks",
				);
				"LD_RUNPATH_SEARCH_PATHS[sdk=macosx*]" = (
					"@executable_path/../Frameworks",
					"@loader_path/Frameworks",
				);
				MACOSX_DEPLOYMENT_TARGET = 14.0;
				MARKETING_VERSION = 1.0;
				MODULE_VERIFIER_SUPPORTED_LANGUAGES = "objective-c objective-c++";
				MODULE_VERIFIER_SUPPORTED_LANGUAGE_STANDARDS = "gnu17 gnu++20";
				PRODUCT_BUNDLE_IDENTIFIER = br.com.Pentecost.Application;
				PRODUCT_NAME = "$(TARGET_NAME:c99extidentifier)";
				PROVISIONING_PROFILE_SPECIFIER = "";
				SDKROOT = auto;
				SKIP_INSTALL = YES;
				SUPPORTED_PLATFORMS = "iphoneos iphonesimulator";
				SUPPORTS_MACCATALYST = NO;
				SWIFT_EMIT_LOC_STRINGS = YES;
				SWIFT_VERSION = 5.0;
				TARGETED_DEVICE_FAMILY = 1;
				VERSIONING_SYSTEM = "apple-generic";
				VERSION_INFO_PREFIX = "";
			};
			name = Release;
		};
		957F3FB32B6FFF140015348F /* Debug */ = {
			isa = XCBuildConfiguration;
			buildSettings = {
				CLANG_ENABLE_MODULES = YES;
				CODE_SIGN_STYLE = Automatic;
				CURRENT_PROJECT_VERSION = 1;
				DEFINES_MODULE = YES;
				DEVELOPMENT_TEAM = 35GM6XG62S;
				DYLIB_COMPATIBILITY_VERSION = 1;
				DYLIB_CURRENT_VERSION = 1;
				DYLIB_INSTALL_NAME_BASE = "@rpath";
				ENABLE_MODULE_VERIFIER = YES;
				GENERATE_INFOPLIST_FILE = YES;
				INFOPLIST_KEY_NSHumanReadableCopyright = "";
				INSTALL_PATH = "$(LOCAL_LIBRARY_DIR)/Frameworks";
				IPHONEOS_DEPLOYMENT_TARGET = 17.0;
				LD_RUNPATH_SEARCH_PATHS = (
					"@executable_path/Frameworks",
					"@loader_path/Frameworks",
				);
				"LD_RUNPATH_SEARCH_PATHS[sdk=macosx*]" = (
					"@executable_path/../Frameworks",
					"@loader_path/Frameworks",
				);
				MACOSX_DEPLOYMENT_TARGET = 14.0;
				MARKETING_VERSION = 1.0;
				MODULE_VERIFIER_SUPPORTED_LANGUAGES = "objective-c objective-c++";
				MODULE_VERIFIER_SUPPORTED_LANGUAGE_STANDARDS = "gnu17 gnu++20";
				PRODUCT_BUNDLE_IDENTIFIER = br.com.Pentecost.Infra;
				PRODUCT_NAME = "$(TARGET_NAME:c99extidentifier)";
				SDKROOT = auto;
				SKIP_INSTALL = YES;
				SUPPORTED_PLATFORMS = "iphoneos iphonesimulator";
				SUPPORTS_MACCATALYST = NO;
				SWIFT_EMIT_LOC_STRINGS = YES;
				SWIFT_OPTIMIZATION_LEVEL = "-Onone";
				SWIFT_VERSION = 5.0;
				TARGETED_DEVICE_FAMILY = 1;
				VERSIONING_SYSTEM = "apple-generic";
				VERSION_INFO_PREFIX = "";
			};
			name = Debug;
		};
		957F3FB42B6FFF140015348F /* Release */ = {
			isa = XCBuildConfiguration;
			buildSettings = {
				CLANG_ENABLE_MODULES = YES;
				CODE_SIGN_STYLE = Automatic;
				CURRENT_PROJECT_VERSION = 1;
				DEFINES_MODULE = YES;
				DEVELOPMENT_TEAM = 35GM6XG62S;
				DYLIB_COMPATIBILITY_VERSION = 1;
				DYLIB_CURRENT_VERSION = 1;
				DYLIB_INSTALL_NAME_BASE = "@rpath";
				ENABLE_MODULE_VERIFIER = YES;
				GENERATE_INFOPLIST_FILE = YES;
				INFOPLIST_KEY_NSHumanReadableCopyright = "";
				INSTALL_PATH = "$(LOCAL_LIBRARY_DIR)/Frameworks";
				IPHONEOS_DEPLOYMENT_TARGET = 17.0;
				LD_RUNPATH_SEARCH_PATHS = (
					"@executable_path/Frameworks",
					"@loader_path/Frameworks",
				);
				"LD_RUNPATH_SEARCH_PATHS[sdk=macosx*]" = (
					"@executable_path/../Frameworks",
					"@loader_path/Frameworks",
				);
				MACOSX_DEPLOYMENT_TARGET = 14.0;
				MARKETING_VERSION = 1.0;
				MODULE_VERIFIER_SUPPORTED_LANGUAGES = "objective-c objective-c++";
				MODULE_VERIFIER_SUPPORTED_LANGUAGE_STANDARDS = "gnu17 gnu++20";
				PRODUCT_BUNDLE_IDENTIFIER = br.com.Pentecost.Infra;
				PRODUCT_NAME = "$(TARGET_NAME:c99extidentifier)";
				SDKROOT = auto;
				SKIP_INSTALL = YES;
				SUPPORTED_PLATFORMS = "iphoneos iphonesimulator";
				SUPPORTS_MACCATALYST = NO;
				SWIFT_EMIT_LOC_STRINGS = YES;
				SWIFT_VERSION = 5.0;
				TARGETED_DEVICE_FAMILY = 1;
				VERSIONING_SYSTEM = "apple-generic";
				VERSION_INFO_PREFIX = "";
			};
			name = Release;
		};
/* End XCBuildConfiguration section */

/* Begin XCConfigurationList section */
		955BA5F02B9CAEF500038169 /* Build configuration list for PBXNativeTarget "RevisionExtension" */ = {
			isa = XCConfigurationList;
			buildConfigurations = (
				955BA5F12B9CAEF500038169 /* Debug */,
				955BA5F22B9CAEF500038169 /* Release */,
			);
			defaultConfigurationIsVisible = 0;
			defaultConfigurationName = Release;
		};
		957F3F652B6FFCD00015348F /* Build configuration list for PBXProject "Pentecost" */ = {
			isa = XCConfigurationList;
			buildConfigurations = (
				957F3F762B6FFCD20015348F /* Debug */,
				957F3F772B6FFCD20015348F /* Release */,
			);
			defaultConfigurationIsVisible = 0;
			defaultConfigurationName = Release;
		};
		957F3F782B6FFCD20015348F /* Build configuration list for PBXNativeTarget "Pentecost" */ = {
			isa = XCConfigurationList;
			buildConfigurations = (
				957F3F792B6FFCD20015348F /* Debug */,
				957F3F7A2B6FFCD20015348F /* Release */,
			);
			defaultConfigurationIsVisible = 0;
			defaultConfigurationName = Release;
		};
		957F3F882B6FFD1E0015348F /* Build configuration list for PBXNativeTarget "Domain" */ = {
			isa = XCConfigurationList;
			buildConfigurations = (
				957F3F892B6FFD1E0015348F /* Debug */,
				957F3F8A2B6FFD1E0015348F /* Release */,
			);
			defaultConfigurationIsVisible = 0;
			defaultConfigurationName = Release;
		};
		957F3F9C2B6FFDC10015348F /* Build configuration list for PBXNativeTarget "Application" */ = {
			isa = XCConfigurationList;
			buildConfigurations = (
				957F3F9D2B6FFDC10015348F /* Debug */,
				957F3F9E2B6FFDC10015348F /* Release */,
			);
			defaultConfigurationIsVisible = 0;
			defaultConfigurationName = Release;
		};
		957F3FB22B6FFF140015348F /* Build configuration list for PBXNativeTarget "Infra" */ = {
			isa = XCConfigurationList;
			buildConfigurations = (
				957F3FB32B6FFF140015348F /* Debug */,
				957F3FB42B6FFF140015348F /* Release */,
			);
			defaultConfigurationIsVisible = 0;
			defaultConfigurationName = Release;
		};
/* End XCConfigurationList section */

/* Begin XCRemoteSwiftPackageReference section */
		959F46BE2B99178E009D8787 /* XCRemoteSwiftPackageReference "keychain-swift" */ = {
			isa = XCRemoteSwiftPackageReference;
			repositoryURL = "https://github.com/evgenyneu/keychain-swift";
			requirement = {
				kind = upToNextMajorVersion;
				minimumVersion = 21.0.0;
			};
		};
		959F46BF2B9917A9009D8787 /* XCRemoteSwiftPackageReference "firebase-ios-sdk" */ = {
			isa = XCRemoteSwiftPackageReference;
			repositoryURL = "https://github.com/firebase/firebase-ios-sdk";
			requirement = {
				kind = upToNextMajorVersion;
				minimumVersion = 10.22.0;
			};
		};
		959F46C02B9917BB009D8787 /* XCRemoteSwiftPackageReference "SwiftyXMLParser" */ = {
			isa = XCRemoteSwiftPackageReference;
			repositoryURL = "https://github.com/yahoojapan/SwiftyXMLParser";
			requirement = {
				kind = upToNextMinorVersion;
				minimumVersion = 5.6.0;
			};
		};
/* End XCRemoteSwiftPackageReference section */

/* Begin XCSwiftPackageProductDependency section */
		959F46C12B9917DD009D8787 /* KeychainSwift */ = {
			isa = XCSwiftPackageProductDependency;
			package = 959F46BE2B99178E009D8787 /* XCRemoteSwiftPackageReference "keychain-swift" */;
			productName = KeychainSwift;
		};
		959F46C32B9917F5009D8787 /* SwiftyXMLParser */ = {
			isa = XCSwiftPackageProductDependency;
			package = 959F46C02B9917BB009D8787 /* XCRemoteSwiftPackageReference "SwiftyXMLParser" */;
			productName = SwiftyXMLParser;
		};
		959F46C52B991813009D8787 /* FirebaseAuth */ = {
			isa = XCSwiftPackageProductDependency;
			package = 959F46BF2B9917A9009D8787 /* XCRemoteSwiftPackageReference "firebase-ios-sdk" */;
			productName = FirebaseAuth;
		};
		959F46C72B991821009D8787 /* SwiftyXMLParser */ = {
			isa = XCSwiftPackageProductDependency;
			package = 959F46C02B9917BB009D8787 /* XCRemoteSwiftPackageReference "SwiftyXMLParser" */;
			productName = SwiftyXMLParser;
		};
		959F46C92B99185C009D8787 /* FirebaseAuthCombine-Community */ = {
			isa = XCSwiftPackageProductDependency;
			package = 959F46BF2B9917A9009D8787 /* XCRemoteSwiftPackageReference "firebase-ios-sdk" */;
			productName = "FirebaseAuthCombine-Community";
		};
		95A1F40B2B993A8300E4A9F0 /* SwiftyXMLParser */ = {
			isa = XCSwiftPackageProductDependency;
			package = 959F46C02B9917BB009D8787 /* XCRemoteSwiftPackageReference "SwiftyXMLParser" */;
			productName = SwiftyXMLParser;
		};
/* End XCSwiftPackageProductDependency section */
	};
	rootObject = 957F3F622B6FFCD00015348F /* Project object */;
}
